PODS:
  - QIYU_iOS_SDK (5.1.0)
  - ZXingObjC (3.1.0):
    - ZXingObjC/All (= 3.1.0)
  - ZXingObjC/All (3.1.0)

DEPENDENCIES:
  - QIYU_iOS_SDK (~> 5.1.0)
  - ZXingObjC (~> 3.1.0)

SPEC REPOS:
  https://github.com/cocoapods/specs.git:
    - QIYU_iOS_SDK
    - ZXingObjC

SPEC CHECKSUMS:
  QIYU_iOS_SDK: 056a3d8b1679b6a1d9c02ef1a5e972893f2f2199
  ZXingObjC: bf15b3814f7a105b6d99f47da2333c93a063650a

PODFILE CHECKSUM: 878d7cd163dc8e578fdaa6b7445aaf190e79ba27

COCOAPODS: 1.6.1
