PODS:
  - QIYU_iOS_SDK (5.7.1)
  - ZXingObjC (3.1.0):
    - ZXingObjC/All (= 3.1.0)
  - ZXingObjC/All (3.1.0)

DEPENDENCIES:
  - QIYU_iOS_SDK
  - ZXingObjC (~> 3.1.0)

SPEC REPOS:
  trunk:
    - QIYU_iOS_SDK
    - ZXingObjC

SPEC CHECKSUMS:
  QIYU_iOS_SDK: 85b5b57296f185dec92d54a36bac24de26c1c99b
  ZXingObjC: bf15b3814f7a105b6d99f47da2333c93a063650a

PODFILE CHECKSUM: bfbb88ffbe8a20605d7ed71e04aea6a9311ae860

COCOAPODS: 1.8.4
