// !$*UTF8*$!
{
	archiveVersion = 1;
	classes = {
	};
	objectVersion = 46;
	objects = {

/* Begin PBXBuildFile section */
		2B0659361E683B9900D9CB59 /* QYDemoConfig.m in Sources */ = {isa = PBXBuildFile; fileRef = 2B0658FD1E683B9900D9CB59 /* QYDemoConfig.m */; };
		2B0659371E683B9900D9CB59 /* QRcodeScanController.mm in Sources */ = {isa = PBXBuildFile; fileRef = 2B0659011E683B9900D9CB59 /* QRcodeScanController.mm */; };
		2B0659381E683B9900D9CB59 /* YXCapture.m in Sources */ = {isa = PBXBuildFile; fileRef = 2B0659031E683B9900D9CB59 /* YXCapture.m */; };
		2B0659391E683B9900D9CB59 /* QYDetailViewController.m in Sources */ = {isa = PBXBuildFile; fileRef = 2B0659081E683B9900D9CB59 /* QYDetailViewController.m */; };
		2B06593A1E683B9900D9CB59 /* QYDetailViewController.xib in Resources */ = {isa = PBXBuildFile; fileRef = 2B0659091E683B9900D9CB59 /* QYDetailViewController.xib */; };
		2B06593B1E683B9900D9CB59 /* QYHomePageViewController.m in Sources */ = {isa = PBXBuildFile; fileRef = 2B06590B1E683B9900D9CB59 /* QYHomePageViewController.m */; };
		2B06593C1E683B9900D9CB59 /* QYMainViewController.m in Sources */ = {isa = PBXBuildFile; fileRef = 2B06590D1E683B9900D9CB59 /* QYMainViewController.m */; };
		2B06593D1E683B9900D9CB59 /* QYMainViewController.xib in Resources */ = {isa = PBXBuildFile; fileRef = 2B06590E1E683B9900D9CB59 /* QYMainViewController.xib */; };
		2B06593E1E683B9900D9CB59 /* QYBadgeView.m in Sources */ = {isa = PBXBuildFile; fileRef = 2B0659121E683B9900D9CB59 /* QYBadgeView.m */; };
		2B06593F1E683B9900D9CB59 /* QYSessionListCell.m in Sources */ = {isa = PBXBuildFile; fileRef = 2B0659141E683B9900D9CB59 /* QYSessionListCell.m */; };
		2B0659401E683B9900D9CB59 /* QYAddAppKeyViewController.m in Sources */ = {isa = PBXBuildFile; fileRef = 2B0659171E683B9900D9CB59 /* QYAddAppKeyViewController.m */; };
		2B0659411E683B9900D9CB59 /* QYAddAppKeyViewController.xib in Resources */ = {isa = PBXBuildFile; fileRef = 2B0659181E683B9900D9CB59 /* QYAddAppKeyViewController.xib */; };
		2B0659421E683B9900D9CB59 /* QYBindAppkeyViewController.m in Sources */ = {isa = PBXBuildFile; fileRef = 2B06591A1E683B9900D9CB59 /* QYBindAppkeyViewController.m */; };
		2B0659431E683B9900D9CB59 /* QYCommodityInfoViewController.m in Sources */ = {isa = PBXBuildFile; fileRef = 2B06591C1E683B9900D9CB59 /* QYCommodityInfoViewController.m */; };
		2B0659441E683B9900D9CB59 /* QYCommodityInfoViewController.xib in Resources */ = {isa = PBXBuildFile; fileRef = 2B06591D1E683B9900D9CB59 /* QYCommodityInfoViewController.xib */; };
		2B0659451E683B9900D9CB59 /* QYLogViewController.m in Sources */ = {isa = PBXBuildFile; fileRef = 2B06591F1E683B9900D9CB59 /* QYLogViewController.m */; };
		2B0659461E683B9900D9CB59 /* QYLogViewController.xib in Resources */ = {isa = PBXBuildFile; fileRef = 2B0659201E683B9900D9CB59 /* QYLogViewController.xib */; };
		2B0659471E683B9900D9CB59 /* QYReportUserInfoViewController.m in Sources */ = {isa = PBXBuildFile; fileRef = 2B0659221E683B9900D9CB59 /* QYReportUserInfoViewController.m */; };
		2B0659481E683B9900D9CB59 /* QYReportUserInfoViewController.xib in Resources */ = {isa = PBXBuildFile; fileRef = 2B0659231E683B9900D9CB59 /* QYReportUserInfoViewController.xib */; };
		2B0659491E683B9900D9CB59 /* QYSessionListViewController.m in Sources */ = {isa = PBXBuildFile; fileRef = 2B0659251E683B9900D9CB59 /* QYSessionListViewController.m */; };
		2B06594A1E683B9900D9CB59 /* QYSettingViewController.m in Sources */ = {isa = PBXBuildFile; fileRef = 2B0659271E683B9900D9CB59 /* QYSettingViewController.m */; };
		2B06594B1E683B9900D9CB59 /* QYShopInfoViewController.m in Sources */ = {isa = PBXBuildFile; fileRef = 2B0659291E683B9900D9CB59 /* QYShopInfoViewController.m */; };
		2B06594C1E683B9900D9CB59 /* QYShopInfoViewController.xib in Resources */ = {isa = PBXBuildFile; fileRef = 2B06592A1E683B9900D9CB59 /* QYShopInfoViewController.xib */; };
		2B06594D1E683B9900D9CB59 /* QYTestModeViewController.m in Sources */ = {isa = PBXBuildFile; fileRef = 2B06592C1E683B9900D9CB59 /* QYTestModeViewController.m */; };
		2B06594E1E683B9900D9CB59 /* QYTestModeViewController.xib in Resources */ = {isa = PBXBuildFile; fileRef = 2B06592D1E683B9900D9CB59 /* QYTestModeViewController.xib */; };
		2B06594F1E683B9900D9CB59 /* QYUserTableViewController.m in Sources */ = {isa = PBXBuildFile; fileRef = 2B06592F1E683B9900D9CB59 /* QYUserTableViewController.m */; };
		2B0659501E683B9900D9CB59 /* QYAvatarImageView.m in Sources */ = {isa = PBXBuildFile; fileRef = 2B0659321E683B9900D9CB59 /* QYAvatarImageView.m */; };
		2B0659511E683B9900D9CB59 /* QYDemoBadgeView.m in Sources */ = {isa = PBXBuildFile; fileRef = 2B0659341E683B9900D9CB59 /* QYDemoBadgeView.m */; };
		2BAAAD582079EC6D0008B4F8 /* YSFCommonTableData.m in Sources */ = {isa = PBXBuildFile; fileRef = 2BAAAD542079EC6D0008B4F8 /* YSFCommonTableData.m */; };
		2BAAAD592079EC6D0008B4F8 /* YSFCommonTableDelegate.m in Sources */ = {isa = PBXBuildFile; fileRef = 2BAAAD572079EC6D0008B4F8 /* YSFCommonTableDelegate.m */; };
		E48973051B8C016E001C96EC /* main.m in Sources */ = {isa = PBXBuildFile; fileRef = E48973041B8C016E001C96EC /* main.m */; };
		E48973081B8C016E001C96EC /* AppDelegate.m in Sources */ = {isa = PBXBuildFile; fileRef = E48973071B8C016E001C96EC /* AppDelegate.m */; };
		E48973101B8C016E001C96EC /* Images.xcassets in Resources */ = {isa = PBXBuildFile; fileRef = E489730F1B8C016E001C96EC /* Images.xcassets */; };
		EDCEC8EFADBCAAD802C80918 /* libPods-YSFDemo.a in Frameworks */ = {isa = PBXBuildFile; fileRef = 0BB1707CDF1C700141D16272 /* libPods-YSFDemo.a */; };
/* End PBXBuildFile section */

/* Begin PBXFileReference section */
		0BB1707CDF1C700141D16272 /* libPods-YSFDemo.a */ = {isa = PBXFileReference; explicitFileType = archive.ar; includeInIndex = 0; path = "libPods-YSFDemo.a"; sourceTree = BUILT_PRODUCTS_DIR; };
		28116B8E6C04851BF30AC389 /* Pods-YSFDemo.release.xcconfig */ = {isa = PBXFileReference; includeInIndex = 1; lastKnownFileType = text.xcconfig; name = "Pods-YSFDemo.release.xcconfig"; path = "Pods/Target Support Files/Pods-YSFDemo/Pods-YSFDemo.release.xcconfig"; sourceTree = "<group>"; };
		2B035C601CE07ADC00A66338 /* YSFDemoPrefix.pch */ = {isa = PBXFileReference; fileEncoding = 4; lastKnownFileType = sourcecode.c.h; path = YSFDemoPrefix.pch; sourceTree = "<group>"; };
		2B0658FC1E683B9900D9CB59 /* QYDemoConfig.h */ = {isa = PBXFileReference; fileEncoding = 4; lastKnownFileType = sourcecode.c.h; path = QYDemoConfig.h; sourceTree = "<group>"; };
		2B0658FD1E683B9900D9CB59 /* QYDemoConfig.m */ = {isa = PBXFileReference; fileEncoding = 4; lastKnownFileType = sourcecode.c.objc; path = QYDemoConfig.m; sourceTree = "<group>"; };
		2B0659001E683B9900D9CB59 /* QRcodeScanController.h */ = {isa = PBXFileReference; fileEncoding = 4; lastKnownFileType = sourcecode.c.h; path = QRcodeScanController.h; sourceTree = "<group>"; };
		2B0659011E683B9900D9CB59 /* QRcodeScanController.mm */ = {isa = PBXFileReference; fileEncoding = 4; lastKnownFileType = sourcecode.cpp.objcpp; path = QRcodeScanController.mm; sourceTree = "<group>"; };
		2B0659021E683B9900D9CB59 /* YXCapture.h */ = {isa = PBXFileReference; fileEncoding = 4; lastKnownFileType = sourcecode.c.h; path = YXCapture.h; sourceTree = "<group>"; };
		2B0659031E683B9900D9CB59 /* YXCapture.m */ = {isa = PBXFileReference; fileEncoding = 4; lastKnownFileType = sourcecode.c.objc; path = YXCapture.m; sourceTree = "<group>"; };
		2B0659071E683B9900D9CB59 /* QYDetailViewController.h */ = {isa = PBXFileReference; fileEncoding = 4; lastKnownFileType = sourcecode.c.h; path = QYDetailViewController.h; sourceTree = "<group>"; };
		2B0659081E683B9900D9CB59 /* QYDetailViewController.m */ = {isa = PBXFileReference; fileEncoding = 4; lastKnownFileType = sourcecode.c.objc; path = QYDetailViewController.m; sourceTree = "<group>"; };
		2B0659091E683B9900D9CB59 /* QYDetailViewController.xib */ = {isa = PBXFileReference; fileEncoding = 4; lastKnownFileType = file.xib; path = QYDetailViewController.xib; sourceTree = "<group>"; };
		2B06590A1E683B9900D9CB59 /* QYHomePageViewController.h */ = {isa = PBXFileReference; fileEncoding = 4; lastKnownFileType = sourcecode.c.h; path = QYHomePageViewController.h; sourceTree = "<group>"; };
		2B06590B1E683B9900D9CB59 /* QYHomePageViewController.m */ = {isa = PBXFileReference; fileEncoding = 4; lastKnownFileType = sourcecode.c.objc; path = QYHomePageViewController.m; sourceTree = "<group>"; };
		2B06590C1E683B9900D9CB59 /* QYMainViewController.h */ = {isa = PBXFileReference; fileEncoding = 4; lastKnownFileType = sourcecode.c.h; path = QYMainViewController.h; sourceTree = "<group>"; };
		2B06590D1E683B9900D9CB59 /* QYMainViewController.m */ = {isa = PBXFileReference; fileEncoding = 4; lastKnownFileType = sourcecode.c.objc; path = QYMainViewController.m; sourceTree = "<group>"; };
		2B06590E1E683B9900D9CB59 /* QYMainViewController.xib */ = {isa = PBXFileReference; fileEncoding = 4; lastKnownFileType = file.xib; path = QYMainViewController.xib; sourceTree = "<group>"; };
		2B0659111E683B9900D9CB59 /* QYBadgeView.h */ = {isa = PBXFileReference; fileEncoding = 4; lastKnownFileType = sourcecode.c.h; path = QYBadgeView.h; sourceTree = "<group>"; };
		2B0659121E683B9900D9CB59 /* QYBadgeView.m */ = {isa = PBXFileReference; fileEncoding = 4; lastKnownFileType = sourcecode.c.objc; path = QYBadgeView.m; sourceTree = "<group>"; };
		2B0659131E683B9900D9CB59 /* QYSessionListCell.h */ = {isa = PBXFileReference; fileEncoding = 4; lastKnownFileType = sourcecode.c.h; path = QYSessionListCell.h; sourceTree = "<group>"; };
		2B0659141E683B9900D9CB59 /* QYSessionListCell.m */ = {isa = PBXFileReference; fileEncoding = 4; lastKnownFileType = sourcecode.c.objc; path = QYSessionListCell.m; sourceTree = "<group>"; };
		2B0659161E683B9900D9CB59 /* QYAddAppKeyViewController.h */ = {isa = PBXFileReference; fileEncoding = 4; lastKnownFileType = sourcecode.c.h; path = QYAddAppKeyViewController.h; sourceTree = "<group>"; };
		2B0659171E683B9900D9CB59 /* QYAddAppKeyViewController.m */ = {isa = PBXFileReference; fileEncoding = 4; lastKnownFileType = sourcecode.c.objc; path = QYAddAppKeyViewController.m; sourceTree = "<group>"; };
		2B0659181E683B9900D9CB59 /* QYAddAppKeyViewController.xib */ = {isa = PBXFileReference; fileEncoding = 4; lastKnownFileType = file.xib; path = QYAddAppKeyViewController.xib; sourceTree = "<group>"; };
		2B0659191E683B9900D9CB59 /* QYBindAppkeyViewController.h */ = {isa = PBXFileReference; fileEncoding = 4; lastKnownFileType = sourcecode.c.h; path = QYBindAppkeyViewController.h; sourceTree = "<group>"; };
		2B06591A1E683B9900D9CB59 /* QYBindAppkeyViewController.m */ = {isa = PBXFileReference; fileEncoding = 4; lastKnownFileType = sourcecode.c.objc; path = QYBindAppkeyViewController.m; sourceTree = "<group>"; };
		2B06591B1E683B9900D9CB59 /* QYCommodityInfoViewController.h */ = {isa = PBXFileReference; fileEncoding = 4; lastKnownFileType = sourcecode.c.h; path = QYCommodityInfoViewController.h; sourceTree = "<group>"; };
		2B06591C1E683B9900D9CB59 /* QYCommodityInfoViewController.m */ = {isa = PBXFileReference; fileEncoding = 4; lastKnownFileType = sourcecode.c.objc; path = QYCommodityInfoViewController.m; sourceTree = "<group>"; };
		2B06591D1E683B9900D9CB59 /* QYCommodityInfoViewController.xib */ = {isa = PBXFileReference; fileEncoding = 4; lastKnownFileType = file.xib; path = QYCommodityInfoViewController.xib; sourceTree = "<group>"; };
		2B06591E1E683B9900D9CB59 /* QYLogViewController.h */ = {isa = PBXFileReference; fileEncoding = 4; lastKnownFileType = sourcecode.c.h; path = QYLogViewController.h; sourceTree = "<group>"; };
		2B06591F1E683B9900D9CB59 /* QYLogViewController.m */ = {isa = PBXFileReference; fileEncoding = 4; lastKnownFileType = sourcecode.c.objc; path = QYLogViewController.m; sourceTree = "<group>"; };
		2B0659201E683B9900D9CB59 /* QYLogViewController.xib */ = {isa = PBXFileReference; fileEncoding = 4; lastKnownFileType = file.xib; path = QYLogViewController.xib; sourceTree = "<group>"; };
		2B0659211E683B9900D9CB59 /* QYReportUserInfoViewController.h */ = {isa = PBXFileReference; fileEncoding = 4; lastKnownFileType = sourcecode.c.h; path = QYReportUserInfoViewController.h; sourceTree = "<group>"; };
		2B0659221E683B9900D9CB59 /* QYReportUserInfoViewController.m */ = {isa = PBXFileReference; fileEncoding = 4; lastKnownFileType = sourcecode.c.objc; path = QYReportUserInfoViewController.m; sourceTree = "<group>"; };
		2B0659231E683B9900D9CB59 /* QYReportUserInfoViewController.xib */ = {isa = PBXFileReference; fileEncoding = 4; lastKnownFileType = file.xib; path = QYReportUserInfoViewController.xib; sourceTree = "<group>"; };
		2B0659241E683B9900D9CB59 /* QYSessionListViewController.h */ = {isa = PBXFileReference; fileEncoding = 4; lastKnownFileType = sourcecode.c.h; path = QYSessionListViewController.h; sourceTree = "<group>"; };
		2B0659251E683B9900D9CB59 /* QYSessionListViewController.m */ = {isa = PBXFileReference; fileEncoding = 4; lastKnownFileType = sourcecode.c.objc; path = QYSessionListViewController.m; sourceTree = "<group>"; };
		2B0659261E683B9900D9CB59 /* QYSettingViewController.h */ = {isa = PBXFileReference; fileEncoding = 4; lastKnownFileType = sourcecode.c.h; path = QYSettingViewController.h; sourceTree = "<group>"; };
		2B0659271E683B9900D9CB59 /* QYSettingViewController.m */ = {isa = PBXFileReference; fileEncoding = 4; lastKnownFileType = sourcecode.c.objc; path = QYSettingViewController.m; sourceTree = "<group>"; };
		2B0659281E683B9900D9CB59 /* QYShopInfoViewController.h */ = {isa = PBXFileReference; fileEncoding = 4; lastKnownFileType = sourcecode.c.h; path = QYShopInfoViewController.h; sourceTree = "<group>"; };
		2B0659291E683B9900D9CB59 /* QYShopInfoViewController.m */ = {isa = PBXFileReference; fileEncoding = 4; lastKnownFileType = sourcecode.c.objc; path = QYShopInfoViewController.m; sourceTree = "<group>"; };
		2B06592A1E683B9900D9CB59 /* QYShopInfoViewController.xib */ = {isa = PBXFileReference; fileEncoding = 4; lastKnownFileType = file.xib; path = QYShopInfoViewController.xib; sourceTree = "<group>"; };
		2B06592B1E683B9900D9CB59 /* QYTestModeViewController.h */ = {isa = PBXFileReference; fileEncoding = 4; lastKnownFileType = sourcecode.c.h; path = QYTestModeViewController.h; sourceTree = "<group>"; };
		2B06592C1E683B9900D9CB59 /* QYTestModeViewController.m */ = {isa = PBXFileReference; fileEncoding = 4; lastKnownFileType = sourcecode.c.objc; path = QYTestModeViewController.m; sourceTree = "<group>"; };
		2B06592D1E683B9900D9CB59 /* QYTestModeViewController.xib */ = {isa = PBXFileReference; fileEncoding = 4; lastKnownFileType = file.xib; path = QYTestModeViewController.xib; sourceTree = "<group>"; };
		2B06592E1E683B9900D9CB59 /* QYUserTableViewController.h */ = {isa = PBXFileReference; fileEncoding = 4; lastKnownFileType = sourcecode.c.h; path = QYUserTableViewController.h; sourceTree = "<group>"; };
		2B06592F1E683B9900D9CB59 /* QYUserTableViewController.m */ = {isa = PBXFileReference; fileEncoding = 4; lastKnownFileType = sourcecode.c.objc; path = QYUserTableViewController.m; sourceTree = "<group>"; };
		2B0659311E683B9900D9CB59 /* QYAvatarImageView.h */ = {isa = PBXFileReference; fileEncoding = 4; lastKnownFileType = sourcecode.c.h; path = QYAvatarImageView.h; sourceTree = "<group>"; };
		2B0659321E683B9900D9CB59 /* QYAvatarImageView.m */ = {isa = PBXFileReference; fileEncoding = 4; lastKnownFileType = sourcecode.c.objc; path = QYAvatarImageView.m; sourceTree = "<group>"; };
		2B0659331E683B9900D9CB59 /* QYDemoBadgeView.h */ = {isa = PBXFileReference; fileEncoding = 4; lastKnownFileType = sourcecode.c.h; path = QYDemoBadgeView.h; sourceTree = "<group>"; };
		2B0659341E683B9900D9CB59 /* QYDemoBadgeView.m */ = {isa = PBXFileReference; fileEncoding = 4; lastKnownFileType = sourcecode.c.objc; path = QYDemoBadgeView.m; sourceTree = "<group>"; };
		2B065B0C1E683D7600D9CB59 /* YSFDatabase.h */ = {isa = PBXFileReference; fileEncoding = 4; lastKnownFileType = sourcecode.c.h; path = YSFDatabase.h; sourceTree = "<group>"; };
		2B065B0D1E683D7600D9CB59 /* YSFDatabaseAdditions.h */ = {isa = PBXFileReference; fileEncoding = 4; lastKnownFileType = sourcecode.c.h; path = YSFDatabaseAdditions.h; sourceTree = "<group>"; };
		2B065B0E1E683D7600D9CB59 /* YSFDatabaseQueue.h */ = {isa = PBXFileReference; fileEncoding = 4; lastKnownFileType = sourcecode.c.h; path = YSFDatabaseQueue.h; sourceTree = "<group>"; };
		2B065B0F1E683D7600D9CB59 /* YSFDB.h */ = {isa = PBXFileReference; fileEncoding = 4; lastKnownFileType = sourcecode.c.h; path = YSFDB.h; sourceTree = "<group>"; };
		2B065B101E683D7600D9CB59 /* YSFResultSet.h */ = {isa = PBXFileReference; fileEncoding = 4; lastKnownFileType = sourcecode.c.h; path = YSFResultSet.h; sourceTree = "<group>"; };
		2B065B121E683D7600D9CB59 /* YSFKeyValueStore.h */ = {isa = PBXFileReference; fileEncoding = 4; lastKnownFileType = sourcecode.c.h; path = YSFKeyValueStore.h; sourceTree = "<group>"; };
		2B065B151E683D7600D9CB59 /* NSData+YSF.h */ = {isa = PBXFileReference; fileEncoding = 4; lastKnownFileType = sourcecode.c.h; path = "NSData+YSF.h"; sourceTree = "<group>"; };
		2B065B161E683D7600D9CB59 /* NSDictionary+YSF.h */ = {isa = PBXFileReference; fileEncoding = 4; lastKnownFileType = sourcecode.c.h; path = "NSDictionary+YSF.h"; sourceTree = "<group>"; };
		2B065B171E683D7600D9CB59 /* NSDictionary+YSFJson.h */ = {isa = PBXFileReference; fileEncoding = 4; lastKnownFileType = sourcecode.c.h; path = "NSDictionary+YSFJson.h"; sourceTree = "<group>"; };
		2B065B181E683D7600D9CB59 /* NSString+WebView.h */ = {isa = PBXFileReference; fileEncoding = 4; lastKnownFileType = sourcecode.c.h; path = "NSString+WebView.h"; sourceTree = "<group>"; };
		2B065B191E683D7600D9CB59 /* NSString+YSF.h */ = {isa = PBXFileReference; fileEncoding = 4; lastKnownFileType = sourcecode.c.h; path = "NSString+YSF.h"; sourceTree = "<group>"; };
		2B065B1A1E683D7600D9CB59 /* NSURL+WebView.h */ = {isa = PBXFileReference; fileEncoding = 4; lastKnownFileType = sourcecode.c.h; path = "NSURL+WebView.h"; sourceTree = "<group>"; };
		2B065B1B1E683D7600D9CB59 /* UIAlertView+YSF.h */ = {isa = PBXFileReference; fileEncoding = 4; lastKnownFileType = sourcecode.c.h; path = "UIAlertView+YSF.h"; sourceTree = "<group>"; };
		2B065B1C1E683D7600D9CB59 /* UIButton+YSF.h */ = {isa = PBXFileReference; fileEncoding = 4; lastKnownFileType = sourcecode.c.h; path = "UIButton+YSF.h"; sourceTree = "<group>"; };
		2B065B1D1E683D7600D9CB59 /* UIImage+YSF.h */ = {isa = PBXFileReference; fileEncoding = 4; lastKnownFileType = sourcecode.c.h; path = "UIImage+YSF.h"; sourceTree = "<group>"; };
		2B065B1E1E683D7600D9CB59 /* UITableView+YSFKit.h */ = {isa = PBXFileReference; fileEncoding = 4; lastKnownFileType = sourcecode.c.h; path = "UITableView+YSFKit.h"; sourceTree = "<group>"; };
		2B065B1F1E683D7600D9CB59 /* UIView+Animation.h */ = {isa = PBXFileReference; fileEncoding = 4; lastKnownFileType = sourcecode.c.h; path = "UIView+Animation.h"; sourceTree = "<group>"; };
		2B065B201E683D7600D9CB59 /* UIView+YSF.h */ = {isa = PBXFileReference; fileEncoding = 4; lastKnownFileType = sourcecode.c.h; path = "UIView+YSF.h"; sourceTree = "<group>"; };
		2B065B221E683D7600D9CB59 /* YSFMacro.h */ = {isa = PBXFileReference; fileEncoding = 4; lastKnownFileType = sourcecode.c.h; path = YSFMacro.h; sourceTree = "<group>"; };
		2B065B231E683D7600D9CB59 /* YSFTimer.h */ = {isa = PBXFileReference; fileEncoding = 4; lastKnownFileType = sourcecode.c.h; path = YSFTimer.h; sourceTree = "<group>"; };
		2B065B261E683D7600D9CB59 /* YSFReachability.h */ = {isa = PBXFileReference; fileEncoding = 4; lastKnownFileType = sourcecode.c.h; path = YSFReachability.h; sourceTree = "<group>"; };
		2B065B281E683D7600D9CB59 /* NSData+YSFImageContentType.h */ = {isa = PBXFileReference; fileEncoding = 4; lastKnownFileType = sourcecode.c.h; path = "NSData+YSFImageContentType.h"; sourceTree = "<group>"; };
		2B065B291E683D7600D9CB59 /* UIImage+YSFGIF.h */ = {isa = PBXFileReference; fileEncoding = 4; lastKnownFileType = sourcecode.c.h; path = "UIImage+YSFGIF.h"; sourceTree = "<group>"; };
		2B065B2A1E683D7600D9CB59 /* UIImage+YSFMultiFormat.h */ = {isa = PBXFileReference; fileEncoding = 4; lastKnownFileType = sourcecode.c.h; path = "UIImage+YSFMultiFormat.h"; sourceTree = "<group>"; };
		2B065B2B1E683D7600D9CB59 /* UIImageView+YSFWebCache.h */ = {isa = PBXFileReference; fileEncoding = 4; lastKnownFileType = sourcecode.c.h; path = "UIImageView+YSFWebCache.h"; sourceTree = "<group>"; };
		2B065B2C1E683D7600D9CB59 /* UIView+YSFWebCacheOperation.h */ = {isa = PBXFileReference; fileEncoding = 4; lastKnownFileType = sourcecode.c.h; path = "UIView+YSFWebCacheOperation.h"; sourceTree = "<group>"; };
		2B065B2D1E683D7600D9CB59 /* YSFImageCache.h */ = {isa = PBXFileReference; fileEncoding = 4; lastKnownFileType = sourcecode.c.h; path = YSFImageCache.h; sourceTree = "<group>"; };
		2B065B2E1E683D7600D9CB59 /* YSFWebImageCompat.h */ = {isa = PBXFileReference; fileEncoding = 4; lastKnownFileType = sourcecode.c.h; path = YSFWebImageCompat.h; sourceTree = "<group>"; };
		2B065B2F1E683D7600D9CB59 /* YSFWebImageDecoder.h */ = {isa = PBXFileReference; fileEncoding = 4; lastKnownFileType = sourcecode.c.h; path = YSFWebImageDecoder.h; sourceTree = "<group>"; };
		2B065B301E683D7600D9CB59 /* YSFWebImageDownloader.h */ = {isa = PBXFileReference; fileEncoding = 4; lastKnownFileType = sourcecode.c.h; path = YSFWebImageDownloader.h; sourceTree = "<group>"; };
		2B065B311E683D7600D9CB59 /* YSFWebImageDownloaderOperation.h */ = {isa = PBXFileReference; fileEncoding = 4; lastKnownFileType = sourcecode.c.h; path = YSFWebImageDownloaderOperation.h; sourceTree = "<group>"; };
		2B065B321E683D7600D9CB59 /* YSFWebImageManager.h */ = {isa = PBXFileReference; fileEncoding = 4; lastKnownFileType = sourcecode.c.h; path = YSFWebImageManager.h; sourceTree = "<group>"; };
		2B065B331E683D7600D9CB59 /* YSFWebImageOperation.h */ = {isa = PBXFileReference; fileEncoding = 4; lastKnownFileType = sourcecode.c.h; path = YSFWebImageOperation.h; sourceTree = "<group>"; };
		2B065B341E683D7600D9CB59 /* YSFWebImagePrefetcher.h */ = {isa = PBXFileReference; fileEncoding = 4; lastKnownFileType = sourcecode.c.h; path = YSFWebImagePrefetcher.h; sourceTree = "<group>"; };
		2B065B361E683D7600D9CB59 /* YSFHttpApi.h */ = {isa = PBXFileReference; fileEncoding = 4; lastKnownFileType = sourcecode.c.h; path = YSFHttpApi.h; sourceTree = "<group>"; };
		2B065B391E683D7600D9CB59 /* LinkRegex.h */ = {isa = PBXFileReference; fileEncoding = 4; lastKnownFileType = sourcecode.c.h; path = LinkRegex.h; sourceTree = "<group>"; };
		2B065B3A1E683D7600D9CB59 /* NSAttributedString+YSFHTML.h */ = {isa = PBXFileReference; fileEncoding = 4; lastKnownFileType = sourcecode.c.h; path = "NSAttributedString+YSFHTML.h"; sourceTree = "<group>"; };
		2B065B3B1E683D7600D9CB59 /* NSMutableAttributedString+YSFVendor.h */ = {isa = PBXFileReference; fileEncoding = 4; lastKnownFileType = sourcecode.c.h; path = "NSMutableAttributedString+YSFVendor.h"; sourceTree = "<group>"; };
		2B065B3C1E683D7600D9CB59 /* YSFAttributedLabel.h */ = {isa = PBXFileReference; fileEncoding = 4; lastKnownFileType = sourcecode.c.h; path = YSFAttributedLabel.h; sourceTree = "<group>"; };
		2B065B3D1E683D7600D9CB59 /* YSFAttributedLabelAttachment.h */ = {isa = PBXFileReference; fileEncoding = 4; lastKnownFileType = sourcecode.c.h; path = YSFAttributedLabelAttachment.h; sourceTree = "<group>"; };
		2B065B3E1E683D7600D9CB59 /* YSFAttributedLabelDefines.h */ = {isa = PBXFileReference; fileEncoding = 4; lastKnownFileType = sourcecode.c.h; path = YSFAttributedLabelDefines.h; sourceTree = "<group>"; };
		2B065B3F1E683D7600D9CB59 /* YSFAttributedLabelURL.h */ = {isa = PBXFileReference; fileEncoding = 4; lastKnownFileType = sourcecode.c.h; path = YSFAttributedLabelURL.h; sourceTree = "<group>"; };
		2B065B401E683D7600D9CB59 /* YSFHTML2AttributedStringTranslator.h */ = {isa = PBXFileReference; fileEncoding = 4; lastKnownFileType = sourcecode.c.h; path = YSFHTML2AttributedStringTranslator.h; sourceTree = "<group>"; };
		2B065B411E683D7600D9CB59 /* YSFHTMLParser.h */ = {isa = PBXFileReference; fileEncoding = 4; lastKnownFileType = sourcecode.c.h; path = YSFHTMLParser.h; sourceTree = "<group>"; };
		2B065B421E683D7600D9CB59 /* YSFHTMLPreprocessor.h */ = {isa = PBXFileReference; fileEncoding = 4; lastKnownFileType = sourcecode.c.h; path = YSFHTMLPreprocessor.h; sourceTree = "<group>"; };
		2B065B441E683D7600D9CB59 /* YSFAlertController.h */ = {isa = PBXFileReference; fileEncoding = 4; lastKnownFileType = sourcecode.c.h; path = YSFAlertController.h; sourceTree = "<group>"; };
		2B065B461E683D7600D9CB59 /* UIView+YSFToast.h */ = {isa = PBXFileReference; fileEncoding = 4; lastKnownFileType = sourcecode.c.h; path = "UIView+YSFToast.h"; sourceTree = "<group>"; };
		2B065B4D1E683D7600D9CB59 /* YSFGalleryViewController.h */ = {isa = PBXFileReference; fileEncoding = 4; lastKnownFileType = sourcecode.c.h; path = YSFGalleryViewController.h; sourceTree = "<group>"; };
		2B065B4E1E683D7600D9CB59 /* YSFPageView.h */ = {isa = PBXFileReference; fileEncoding = 4; lastKnownFileType = sourcecode.c.h; path = YSFPageView.h; sourceTree = "<group>"; };
		2B065B501E683D7600D9CB59 /* YSFPresentationController.h */ = {isa = PBXFileReference; fileEncoding = 4; lastKnownFileType = sourcecode.c.h; path = YSFPresentationController.h; sourceTree = "<group>"; };
		2B065B511E683D7600D9CB59 /* YSFPresentTransitioningDelegate.h */ = {isa = PBXFileReference; fileEncoding = 4; lastKnownFileType = sourcecode.c.h; path = YSFPresentTransitioningDelegate.h; sourceTree = "<group>"; };
		2B065B521E683D7600D9CB59 /* YSFPresentViewController.h */ = {isa = PBXFileReference; fileEncoding = 4; lastKnownFileType = sourcecode.c.h; path = YSFPresentViewController.h; sourceTree = "<group>"; };
		2B065B551E683D7600D9CB59 /* YSFALGridViewController.h */ = {isa = PBXFileReference; fileEncoding = 4; lastKnownFileType = sourcecode.c.h; path = YSFALGridViewController.h; sourceTree = "<group>"; };
		2B065B561E683D7600D9CB59 /* YSFALImageViewController.h */ = {isa = PBXFileReference; fileEncoding = 4; lastKnownFileType = sourcecode.c.h; path = YSFALImageViewController.h; sourceTree = "<group>"; };
		2B065B571E683D7600D9CB59 /* YSFALListViewController.h */ = {isa = PBXFileReference; fileEncoding = 4; lastKnownFileType = sourcecode.c.h; path = YSFALListViewController.h; sourceTree = "<group>"; };
		2B065B581E683D7600D9CB59 /* YSFALVideoViewController.h */ = {isa = PBXFileReference; fileEncoding = 4; lastKnownFileType = sourcecode.c.h; path = YSFALVideoViewController.h; sourceTree = "<group>"; };
		2B065B5A1E683D7600D9CB59 /* UIButton+Custom.h */ = {isa = PBXFileReference; fileEncoding = 4; lastKnownFileType = sourcecode.c.h; path = "UIButton+Custom.h"; sourceTree = "<group>"; };
		2B065B5B1E683D7600D9CB59 /* UIImage+Upload.h */ = {isa = PBXFileReference; fileEncoding = 4; lastKnownFileType = sourcecode.c.h; path = "UIImage+Upload.h"; sourceTree = "<group>"; };
		2B065B5C1E683D7600D9CB59 /* UIImagePickerController+Block.h */ = {isa = PBXFileReference; fileEncoding = 4; lastKnownFileType = sourcecode.c.h; path = "UIImagePickerController+Block.h"; sourceTree = "<group>"; };
		2B065B5D1E683D7600D9CB59 /* UIImagePickerController+DoModal.h */ = {isa = PBXFileReference; fileEncoding = 4; lastKnownFileType = sourcecode.c.h; path = "UIImagePickerController+DoModal.h"; sourceTree = "<group>"; };
		2B065B5F1E683D7600D9CB59 /* YSFIPGridCollectionViewCell.h */ = {isa = PBXFileReference; fileEncoding = 4; lastKnownFileType = sourcecode.c.h; path = YSFIPGridCollectionViewCell.h; sourceTree = "<group>"; };
		2B065B601E683D7600D9CB59 /* YSFIPListTableViewCell.h */ = {isa = PBXFileReference; fileEncoding = 4; lastKnownFileType = sourcecode.c.h; path = YSFIPListTableViewCell.h; sourceTree = "<group>"; };
		2B065B621E683D7600D9CB59 /* YSFIPPageView.h */ = {isa = PBXFileReference; fileEncoding = 4; lastKnownFileType = sourcecode.c.h; path = YSFIPPageView.h; sourceTree = "<group>"; };
		2B065B631E683D7600D9CB59 /* YSFiToast.h */ = {isa = PBXFileReference; fileEncoding = 4; lastKnownFileType = sourcecode.c.h; path = YSFiToast.h; sourceTree = "<group>"; };
		2B065B641E683D7600D9CB59 /* YSFLargeImageView.h */ = {isa = PBXFileReference; fileEncoding = 4; lastKnownFileType = sourcecode.c.h; path = YSFLargeImageView.h; sourceTree = "<group>"; };
		2B065B661E683D7600D9CB59 /* YSFALAssetHelper.h */ = {isa = PBXFileReference; fileEncoding = 4; lastKnownFileType = sourcecode.c.h; path = YSFALAssetHelper.h; sourceTree = "<group>"; };
		2B065B671E683D7600D9CB59 /* YSFALAssetsLibraryAccessor.h */ = {isa = PBXFileReference; fileEncoding = 4; lastKnownFileType = sourcecode.c.h; path = YSFALAssetsLibraryAccessor.h; sourceTree = "<group>"; };
		2B065B681E683D7600D9CB59 /* YSFAVAssetExportHelper.h */ = {isa = PBXFileReference; fileEncoding = 4; lastKnownFileType = sourcecode.c.h; path = YSFAVAssetExportHelper.h; sourceTree = "<group>"; };
		2B065B691E683D7600D9CB59 /* YSFImagePickerHelper.h */ = {isa = PBXFileReference; fileEncoding = 4; lastKnownFileType = sourcecode.c.h; path = YSFImagePickerHelper.h; sourceTree = "<group>"; };
		2B065B6B1E683D7600D9CB59 /* YSFAssetManager.h */ = {isa = PBXFileReference; fileEncoding = 4; lastKnownFileType = sourcecode.c.h; path = YSFAssetManager.h; sourceTree = "<group>"; };
		2B065B6C1E683D7600D9CB59 /* YSFImagePickerConfig.h */ = {isa = PBXFileReference; fileEncoding = 4; lastKnownFileType = sourcecode.c.h; path = YSFImagePickerConfig.h; sourceTree = "<group>"; };
		2B065B6D1E683D7600D9CB59 /* YSFImagePickerManager.h */ = {isa = PBXFileReference; fileEncoding = 4; lastKnownFileType = sourcecode.c.h; path = YSFImagePickerManager.h; sourceTree = "<group>"; };
		2B065B6E1E683D7600D9CB59 /* YSFIPAsset.h */ = {isa = PBXFileReference; fileEncoding = 4; lastKnownFileType = sourcecode.c.h; path = YSFIPAsset.h; sourceTree = "<group>"; };
		2B065B6F1E683D7600D9CB59 /* YSFPHAssetManager.h */ = {isa = PBXFileReference; fileEncoding = 4; lastKnownFileType = sourcecode.c.h; path = YSFPHAssetManager.h; sourceTree = "<group>"; };
		2B065B701E683D7600D9CB59 /* YSFPostImageManager.h */ = {isa = PBXFileReference; fileEncoding = 4; lastKnownFileType = sourcecode.c.h; path = YSFPostImageManager.h; sourceTree = "<group>"; };
		2B065B721E683D7600D9CB59 /* YSFPHGridViewController.h */ = {isa = PBXFileReference; fileEncoding = 4; lastKnownFileType = sourcecode.c.h; path = YSFPHGridViewController.h; sourceTree = "<group>"; };
		2B065B731E683D7600D9CB59 /* YSFPHImageViewController.h */ = {isa = PBXFileReference; fileEncoding = 4; lastKnownFileType = sourcecode.c.h; path = YSFPHImageViewController.h; sourceTree = "<group>"; };
		2B065B741E683D7600D9CB59 /* YSFPHListViewController.h */ = {isa = PBXFileReference; fileEncoding = 4; lastKnownFileType = sourcecode.c.h; path = YSFPHListViewController.h; sourceTree = "<group>"; };
		2B065B771E683D7600D9CB59 /* NJKWebViewProgress.h */ = {isa = PBXFileReference; fileEncoding = 4; lastKnownFileType = sourcecode.c.h; path = NJKWebViewProgress.h; sourceTree = "<group>"; };
		2B065B781E683D7600D9CB59 /* NJKWebViewProgressView.h */ = {isa = PBXFileReference; fileEncoding = 4; lastKnownFileType = sourcecode.c.h; path = NJKWebViewProgressView.h; sourceTree = "<group>"; };
		2B065B791E683D7600D9CB59 /* YSFWebViewController.h */ = {isa = PBXFileReference; fileEncoding = 4; lastKnownFileType = sourcecode.c.h; path = YSFWebViewController.h; sourceTree = "<group>"; };
		2B065B7C1E683D7600D9CB59 /* UIView+ULK_Layout.h */ = {isa = PBXFileReference; fileEncoding = 4; lastKnownFileType = sourcecode.c.h; path = "UIView+ULK_Layout.h"; sourceTree = "<group>"; };
		2B065B7D1E683D7600D9CB59 /* ULKDefine.h */ = {isa = PBXFileReference; fileEncoding = 4; lastKnownFileType = sourcecode.c.h; path = ULKDefine.h; sourceTree = "<group>"; };
		2B065B7E1E683D7600D9CB59 /* ULKViewGroup.h */ = {isa = PBXFileReference; fileEncoding = 4; lastKnownFileType = sourcecode.c.h; path = ULKViewGroup.h; sourceTree = "<group>"; };
		2B065B801E683D7600D9CB59 /* ULKFrameLayout.h */ = {isa = PBXFileReference; fileEncoding = 4; lastKnownFileType = sourcecode.c.h; path = ULKFrameLayout.h; sourceTree = "<group>"; };
		2B065B821E683D7600D9CB59 /* ULKLinearLayout.h */ = {isa = PBXFileReference; fileEncoding = 4; lastKnownFileType = sourcecode.c.h; path = ULKLinearLayout.h; sourceTree = "<group>"; };
		2B065B841E683D7600D9CB59 /* UIButton+ULK_View.h */ = {isa = PBXFileReference; fileEncoding = 4; lastKnownFileType = sourcecode.c.h; path = "UIButton+ULK_View.h"; sourceTree = "<group>"; };
		2B065B851E683D7600D9CB59 /* UIImageView+ULK_View.h */ = {isa = PBXFileReference; fileEncoding = 4; lastKnownFileType = sourcecode.c.h; path = "UIImageView+ULK_View.h"; sourceTree = "<group>"; };
		2B065B861E683D7600D9CB59 /* UILabel+ULK_View.h */ = {isa = PBXFileReference; fileEncoding = 4; lastKnownFileType = sourcecode.c.h; path = "UILabel+ULK_View.h"; sourceTree = "<group>"; };
		2B065B871E683D7600D9CB59 /* UINavigationBar+ULK_View.h */ = {isa = PBXFileReference; fileEncoding = 4; lastKnownFileType = sourcecode.c.h; path = "UINavigationBar+ULK_View.h"; sourceTree = "<group>"; };
		2B065B881E683D7600D9CB59 /* UISearchBar+ULK_View.h */ = {isa = PBXFileReference; fileEncoding = 4; lastKnownFileType = sourcecode.c.h; path = "UISearchBar+ULK_View.h"; sourceTree = "<group>"; };
		2B065B891E683D7600D9CB59 /* UISwitch+ULK_View.h */ = {isa = PBXFileReference; fileEncoding = 4; lastKnownFileType = sourcecode.c.h; path = "UISwitch+ULK_View.h"; sourceTree = "<group>"; };
		2B065B8A1E683D7600D9CB59 /* UITextField+ULK_View.h */ = {isa = PBXFileReference; fileEncoding = 4; lastKnownFileType = sourcecode.c.h; path = "UITextField+ULK_View.h"; sourceTree = "<group>"; };
		2B065B8B1E683D7600D9CB59 /* UITextView+ULK_View.h */ = {isa = PBXFileReference; fileEncoding = 4; lastKnownFileType = sourcecode.c.h; path = "UITextView+ULK_View.h"; sourceTree = "<group>"; };
		2B065B8C1E683D7600D9CB59 /* UIToolbar+ULK_View.h */ = {isa = PBXFileReference; fileEncoding = 4; lastKnownFileType = sourcecode.c.h; path = "UIToolbar+ULK_View.h"; sourceTree = "<group>"; };
		2B065B8D1E683D7600D9CB59 /* ULKScrollView.h */ = {isa = PBXFileReference; fileEncoding = 4; lastKnownFileType = sourcecode.c.h; path = ULKScrollView.h; sourceTree = "<group>"; };
		2B065B8E1E683D7600D9CB59 /* UILayoutKit.h */ = {isa = PBXFileReference; fileEncoding = 4; lastKnownFileType = sourcecode.c.h; path = UILayoutKit.h; sourceTree = "<group>"; };
		2B065B901E683D7600D9CB59 /* YSFKeyboardManager.h */ = {isa = PBXFileReference; fileEncoding = 4; lastKnownFileType = sourcecode.c.h; path = YSFKeyboardManager.h; sourceTree = "<group>"; };
		2B065B951E683D7600D9CB59 /* NIMDatabase.h */ = {isa = PBXFileReference; fileEncoding = 4; lastKnownFileType = sourcecode.c.h; path = NIMDatabase.h; sourceTree = "<group>"; };
		2B065B961E683D7600D9CB59 /* NIMDatabaseAdditions.h */ = {isa = PBXFileReference; fileEncoding = 4; lastKnownFileType = sourcecode.c.h; path = NIMDatabaseAdditions.h; sourceTree = "<group>"; };
		2B065B971E683D7600D9CB59 /* NIMDatabaseQueue.h */ = {isa = PBXFileReference; fileEncoding = 4; lastKnownFileType = sourcecode.c.h; path = NIMDatabaseQueue.h; sourceTree = "<group>"; };
		2B065B981E683D7600D9CB59 /* NIMDB.h */ = {isa = PBXFileReference; fileEncoding = 4; lastKnownFileType = sourcecode.c.h; path = NIMDB.h; sourceTree = "<group>"; };
		2B065B991E683D7600D9CB59 /* NIMResultSet.h */ = {isa = PBXFileReference; fileEncoding = 4; lastKnownFileType = sourcecode.c.h; path = NIMResultSet.h; sourceTree = "<group>"; };
		2B065B9B1E683D7600D9CB59 /* NIMReachability.h */ = {isa = PBXFileReference; fileEncoding = 4; lastKnownFileType = sourcecode.c.h; path = NIMReachability.h; sourceTree = "<group>"; };
		2B065B9E1E683D7600D9CB59 /* NVSI420Frame.h */ = {isa = PBXFileReference; fileEncoding = 4; lastKnownFileType = sourcecode.c.h; path = NVSI420Frame.h; sourceTree = "<group>"; };
		2B065BA11E683D7600D9CB59 /* g711_interface.h */ = {isa = PBXFileReference; fileEncoding = 4; lastKnownFileType = sourcecode.c.h; path = g711_interface.h; sourceTree = "<group>"; };
		2B065BA31E683D7600D9CB59 /* basic_types.h */ = {isa = PBXFileReference; fileEncoding = 4; lastKnownFileType = sourcecode.c.h; path = basic_types.h; sourceTree = "<group>"; };
		2B065BA41E683D7600D9CB59 /* compare.h */ = {isa = PBXFileReference; fileEncoding = 4; lastKnownFileType = sourcecode.c.h; path = compare.h; sourceTree = "<group>"; };
		2B065BA51E683D7600D9CB59 /* convert.h */ = {isa = PBXFileReference; fileEncoding = 4; lastKnownFileType = sourcecode.c.h; path = convert.h; sourceTree = "<group>"; };
		2B065BA61E683D7600D9CB59 /* convert_argb.h */ = {isa = PBXFileReference; fileEncoding = 4; lastKnownFileType = sourcecode.c.h; path = convert_argb.h; sourceTree = "<group>"; };
		2B065BA71E683D7600D9CB59 /* convert_from.h */ = {isa = PBXFileReference; fileEncoding = 4; lastKnownFileType = sourcecode.c.h; path = convert_from.h; sourceTree = "<group>"; };
		2B065BA81E683D7600D9CB59 /* convert_from_argb.h */ = {isa = PBXFileReference; fileEncoding = 4; lastKnownFileType = sourcecode.c.h; path = convert_from_argb.h; sourceTree = "<group>"; };
		2B065BA91E683D7600D9CB59 /* cpu_id.h */ = {isa = PBXFileReference; fileEncoding = 4; lastKnownFileType = sourcecode.c.h; path = cpu_id.h; sourceTree = "<group>"; };
		2B065BAA1E683D7600D9CB59 /* format_conversion.h */ = {isa = PBXFileReference; fileEncoding = 4; lastKnownFileType = sourcecode.c.h; path = format_conversion.h; sourceTree = "<group>"; };
		2B065BAB1E683D7600D9CB59 /* mjpeg_decoder.h */ = {isa = PBXFileReference; fileEncoding = 4; lastKnownFileType = sourcecode.c.h; path = mjpeg_decoder.h; sourceTree = "<group>"; };
		2B065BAC1E683D7600D9CB59 /* planar_functions.h */ = {isa = PBXFileReference; fileEncoding = 4; lastKnownFileType = sourcecode.c.h; path = planar_functions.h; sourceTree = "<group>"; };
		2B065BAD1E683D7600D9CB59 /* rotate.h */ = {isa = PBXFileReference; fileEncoding = 4; lastKnownFileType = sourcecode.c.h; path = rotate.h; sourceTree = "<group>"; };
		2B065BAE1E683D7600D9CB59 /* rotate_argb.h */ = {isa = PBXFileReference; fileEncoding = 4; lastKnownFileType = sourcecode.c.h; path = rotate_argb.h; sourceTree = "<group>"; };
		2B065BAF1E683D7600D9CB59 /* row.h */ = {isa = PBXFileReference; fileEncoding = 4; lastKnownFileType = sourcecode.c.h; path = row.h; sourceTree = "<group>"; };
		2B065BB01E683D7600D9CB59 /* scale.h */ = {isa = PBXFileReference; fileEncoding = 4; lastKnownFileType = sourcecode.c.h; path = scale.h; sourceTree = "<group>"; };
		2B065BB11E683D7600D9CB59 /* scale_argb.h */ = {isa = PBXFileReference; fileEncoding = 4; lastKnownFileType = sourcecode.c.h; path = scale_argb.h; sourceTree = "<group>"; };
		2B065BB21E683D7600D9CB59 /* scale_row.h */ = {isa = PBXFileReference; fileEncoding = 4; lastKnownFileType = sourcecode.c.h; path = scale_row.h; sourceTree = "<group>"; };
		2B065BB31E683D7600D9CB59 /* version.h */ = {isa = PBXFileReference; fileEncoding = 4; lastKnownFileType = sourcecode.c.h; path = version.h; sourceTree = "<group>"; };
		2B065BB41E683D7600D9CB59 /* libyuv.h */ = {isa = PBXFileReference; fileEncoding = 4; lastKnownFileType = sourcecode.c.h; path = libyuv.h; sourceTree = "<group>"; };
		2B065BB61E683D7600D9CB59 /* codec_api.h */ = {isa = PBXFileReference; fileEncoding = 4; lastKnownFileType = sourcecode.c.h; path = codec_api.h; sourceTree = "<group>"; };
		2B065BB71E683D7600D9CB59 /* codec_app_def.h */ = {isa = PBXFileReference; fileEncoding = 4; lastKnownFileType = sourcecode.c.h; path = codec_app_def.h; sourceTree = "<group>"; };
		2B065BB81E683D7600D9CB59 /* codec_def.h */ = {isa = PBXFileReference; fileEncoding = 4; lastKnownFileType = sourcecode.c.h; path = codec_def.h; sourceTree = "<group>"; };
		2B065BB91E683D7600D9CB59 /* codec_ver.h */ = {isa = PBXFileReference; fileEncoding = 4; lastKnownFileType = sourcecode.c.h; path = codec_ver.h; sourceTree = "<group>"; };
		2B065BBA1E683D7600D9CB59 /* typedefs.h */ = {isa = PBXFileReference; fileEncoding = 4; lastKnownFileType = sourcecode.c.h; path = typedefs.h; sourceTree = "<group>"; };
		2B065BBC1E683D7600D9CB59 /* opus_custom.h */ = {isa = PBXFileReference; fileEncoding = 4; lastKnownFileType = sourcecode.c.h; path = opus_custom.h; sourceTree = "<group>"; };
		2B065BBD1E683D7600D9CB59 /* opus_defines.h */ = {isa = PBXFileReference; fileEncoding = 4; lastKnownFileType = sourcecode.c.h; path = opus_defines.h; sourceTree = "<group>"; };
		2B065BBE1E683D7600D9CB59 /* opus_multistream.h */ = {isa = PBXFileReference; fileEncoding = 4; lastKnownFileType = sourcecode.c.h; path = opus_multistream.h; sourceTree = "<group>"; };
		2B065BBF1E683D7600D9CB59 /* opus_types.h */ = {isa = PBXFileReference; fileEncoding = 4; lastKnownFileType = sourcecode.c.h; path = opus_types.h; sourceTree = "<group>"; };
		2B065BC11E683D7600D9CB59 /* noise_suppression_x.h */ = {isa = PBXFileReference; fileEncoding = 4; lastKnownFileType = sourcecode.c.h; path = noise_suppression_x.h; sourceTree = "<group>"; };
		2BAAAD532079EC6D0008B4F8 /* YSFCommonTableViewCell.h */ = {isa = PBXFileReference; fileEncoding = 4; lastKnownFileType = sourcecode.c.h; path = YSFCommonTableViewCell.h; sourceTree = "<group>"; };
		2BAAAD542079EC6D0008B4F8 /* YSFCommonTableData.m */ = {isa = PBXFileReference; fileEncoding = 4; lastKnownFileType = sourcecode.c.objc; path = YSFCommonTableData.m; sourceTree = "<group>"; };
		2BAAAD552079EC6D0008B4F8 /* YSFCommonTableDelegate.h */ = {isa = PBXFileReference; fileEncoding = 4; lastKnownFileType = sourcecode.c.h; path = YSFCommonTableDelegate.h; sourceTree = "<group>"; };
		2BAAAD562079EC6D0008B4F8 /* YSFCommonTableData.h */ = {isa = PBXFileReference; fileEncoding = 4; lastKnownFileType = sourcecode.c.h; path = YSFCommonTableData.h; sourceTree = "<group>"; };
		2BAAAD572079EC6D0008B4F8 /* YSFCommonTableDelegate.m */ = {isa = PBXFileReference; fileEncoding = 4; lastKnownFileType = sourcecode.c.objc; path = YSFCommonTableDelegate.m; sourceTree = "<group>"; };
		BD9556B2FAF23A8783095EC7 /* Pods-YSFDemo.debug.xcconfig */ = {isa = PBXFileReference; includeInIndex = 1; lastKnownFileType = text.xcconfig; name = "Pods-YSFDemo.debug.xcconfig"; path = "Pods/Target Support Files/Pods-YSFDemo/Pods-YSFDemo.debug.xcconfig"; sourceTree = "<group>"; };
		E43BA2081BA27C9E0046F016 /* ysf_debug.xcconfig */ = {isa = PBXFileReference; lastKnownFileType = text.xcconfig; path = ysf_debug.xcconfig; sourceTree = "<group>"; };
		E48972FF1B8C016E001C96EC /* YSFDemo.app */ = {isa = PBXFileReference; explicitFileType = wrapper.application; includeInIndex = 0; path = YSFDemo.app; sourceTree = BUILT_PRODUCTS_DIR; };
		E48973031B8C016E001C96EC /* Info.plist */ = {isa = PBXFileReference; lastKnownFileType = text.plist.xml; path = Info.plist; sourceTree = "<group>"; };
		E48973041B8C016E001C96EC /* main.m */ = {isa = PBXFileReference; lastKnownFileType = sourcecode.c.objc; path = main.m; sourceTree = "<group>"; };
		E48973061B8C016E001C96EC /* AppDelegate.h */ = {isa = PBXFileReference; lastKnownFileType = sourcecode.c.h; path = AppDelegate.h; sourceTree = "<group>"; };
		E48973071B8C016E001C96EC /* AppDelegate.m */ = {isa = PBXFileReference; lastKnownFileType = sourcecode.c.objc; path = AppDelegate.m; sourceTree = "<group>"; };
		E489730F1B8C016E001C96EC /* Images.xcassets */ = {isa = PBXFileReference; lastKnownFileType = folder.assetcatalog; path = Images.xcassets; sourceTree = "<group>"; };
		E4F0F06A1BB12B9300577B26 /* ysf_release.xcconfig */ = {isa = PBXFileReference; lastKnownFileType = text.xcconfig; path = ysf_release.xcconfig; sourceTree = "<group>"; };
/* End PBXFileReference section */

/* Begin PBXFrameworksBuildPhase section */
		E48972FC1B8C016E001C96EC /* Frameworks */ = {
			isa = PBXFrameworksBuildPhase;
			buildActionMask = 2147483647;
			files = (
				EDCEC8EFADBCAAD802C80918 /* libPods-YSFDemo.a in Frameworks */,
			);
			runOnlyForDeploymentPostprocessing = 0;
		};
/* End PBXFrameworksBuildPhase section */

/* Begin PBXGroup section */
		2B0658F81E683B9900D9CB59 /* Classes */ = {
			isa = PBXGroup;
			children = (
				2B0658F91E683B9900D9CB59 /* Config */,
				2B0658FE1E683B9900D9CB59 /* QRCode */,
				2B0659041E683B9900D9CB59 /* Sections */,
				2B0659301E683B9900D9CB59 /* UI */,
			);
			path = Classes;
			sourceTree = "<group>";
		};
		2B0658F91E683B9900D9CB59 /* Config */ = {
			isa = PBXGroup;
			children = (
				2B0658FC1E683B9900D9CB59 /* QYDemoConfig.h */,
				2B0658FD1E683B9900D9CB59 /* QYDemoConfig.m */,
			);
			path = Config;
			sourceTree = "<group>";
		};
		2B0658FE1E683B9900D9CB59 /* QRCode */ = {
			isa = PBXGroup;
			children = (
				2B0658FF1E683B9900D9CB59 /* QRCodeScan */,
			);
			path = QRCode;
			sourceTree = "<group>";
		};
		2B0658FF1E683B9900D9CB59 /* QRCodeScan */ = {
			isa = PBXGroup;
			children = (
				2B0659001E683B9900D9CB59 /* QRcodeScanController.h */,
				2B0659011E683B9900D9CB59 /* QRcodeScanController.mm */,
				2B0659021E683B9900D9CB59 /* YXCapture.h */,
				2B0659031E683B9900D9CB59 /* YXCapture.m */,
			);
			path = QRCodeScan;
			sourceTree = "<group>";
		};
		2B0659041E683B9900D9CB59 /* Sections */ = {
			isa = PBXGroup;
			children = (
				2B0659051E683B9900D9CB59 /* Home */,
				2B06590F1E683B9900D9CB59 /* Setting */,
			);
			path = Sections;
			sourceTree = "<group>";
		};
		2B0659051E683B9900D9CB59 /* Home */ = {
			isa = PBXGroup;
			children = (
				2B0659061E683B9900D9CB59 /* ViewController */,
			);
			path = Home;
			sourceTree = "<group>";
		};
		2B0659061E683B9900D9CB59 /* ViewController */ = {
			isa = PBXGroup;
			children = (
				2B0659071E683B9900D9CB59 /* QYDetailViewController.h */,
				2B0659081E683B9900D9CB59 /* QYDetailViewController.m */,
				2B0659091E683B9900D9CB59 /* QYDetailViewController.xib */,
				2B06590A1E683B9900D9CB59 /* QYHomePageViewController.h */,
				2B06590B1E683B9900D9CB59 /* QYHomePageViewController.m */,
				2B06590C1E683B9900D9CB59 /* QYMainViewController.h */,
				2B06590D1E683B9900D9CB59 /* QYMainViewController.m */,
				2B06590E1E683B9900D9CB59 /* QYMainViewController.xib */,
			);
			path = ViewController;
			sourceTree = "<group>";
		};
		2B06590F1E683B9900D9CB59 /* Setting */ = {
			isa = PBXGroup;
			children = (
				2B0659101E683B9900D9CB59 /* View */,
				2B0659151E683B9900D9CB59 /* ViewController */,
			);
			path = Setting;
			sourceTree = "<group>";
		};
		2B0659101E683B9900D9CB59 /* View */ = {
			isa = PBXGroup;
			children = (
				2B0659111E683B9900D9CB59 /* QYBadgeView.h */,
				2B0659121E683B9900D9CB59 /* QYBadgeView.m */,
				2B0659131E683B9900D9CB59 /* QYSessionListCell.h */,
				2B0659141E683B9900D9CB59 /* QYSessionListCell.m */,
			);
			path = View;
			sourceTree = "<group>";
		};
		2B0659151E683B9900D9CB59 /* ViewController */ = {
			isa = PBXGroup;
			children = (
				2B0659161E683B9900D9CB59 /* QYAddAppKeyViewController.h */,
				2B0659171E683B9900D9CB59 /* QYAddAppKeyViewController.m */,
				2B0659181E683B9900D9CB59 /* QYAddAppKeyViewController.xib */,
				2B0659191E683B9900D9CB59 /* QYBindAppkeyViewController.h */,
				2B06591A1E683B9900D9CB59 /* QYBindAppkeyViewController.m */,
				2B06591B1E683B9900D9CB59 /* QYCommodityInfoViewController.h */,
				2B06591C1E683B9900D9CB59 /* QYCommodityInfoViewController.m */,
				2B06591D1E683B9900D9CB59 /* QYCommodityInfoViewController.xib */,
				2B06591E1E683B9900D9CB59 /* QYLogViewController.h */,
				2B06591F1E683B9900D9CB59 /* QYLogViewController.m */,
				2B0659201E683B9900D9CB59 /* QYLogViewController.xib */,
				2B0659211E683B9900D9CB59 /* QYReportUserInfoViewController.h */,
				2B0659221E683B9900D9CB59 /* QYReportUserInfoViewController.m */,
				2B0659231E683B9900D9CB59 /* QYReportUserInfoViewController.xib */,
				2B0659241E683B9900D9CB59 /* QYSessionListViewController.h */,
				2B0659251E683B9900D9CB59 /* QYSessionListViewController.m */,
				2B0659261E683B9900D9CB59 /* QYSettingViewController.h */,
				2B0659271E683B9900D9CB59 /* QYSettingViewController.m */,
				2B0659281E683B9900D9CB59 /* QYShopInfoViewController.h */,
				2B0659291E683B9900D9CB59 /* QYShopInfoViewController.m */,
				2B06592A1E683B9900D9CB59 /* QYShopInfoViewController.xib */,
				2B06592B1E683B9900D9CB59 /* QYTestModeViewController.h */,
				2B06592C1E683B9900D9CB59 /* QYTestModeViewController.m */,
				2B06592D1E683B9900D9CB59 /* QYTestModeViewController.xib */,
				2B06592E1E683B9900D9CB59 /* QYUserTableViewController.h */,
				2B06592F1E683B9900D9CB59 /* QYUserTableViewController.m */,
			);
			path = ViewController;
			sourceTree = "<group>";
		};
		2B0659301E683B9900D9CB59 /* UI */ = {
			isa = PBXGroup;
			children = (
				2B0659311E683B9900D9CB59 /* QYAvatarImageView.h */,
				2B0659321E683B9900D9CB59 /* QYAvatarImageView.m */,
				2B0659331E683B9900D9CB59 /* QYDemoBadgeView.h */,
				2B0659341E683B9900D9CB59 /* QYDemoBadgeView.m */,
			);
			path = UI;
			sourceTree = "<group>";
		};
		2B065B091E683D7600D9CB59 /* YSFVendor */ = {
			isa = PBXGroup;
			children = (
				2B065B0A1E683D7600D9CB59 /* Data */,
				2B065B131E683D7600D9CB59 /* Foundation */,
				2B065B241E683D7600D9CB59 /* Network */,
				2B065B371E683D7600D9CB59 /* UI */,
				2B065B911E683D7600D9CB59 /* Vendors */,
			);
			path = YSFVendor;
			sourceTree = "<group>";
		};
		2B065B0A1E683D7600D9CB59 /* Data */ = {
			isa = PBXGroup;
			children = (
				2B065B0B1E683D7600D9CB59 /* FMDB */,
				2B065B111E683D7600D9CB59 /* YSFKeyValueStore */,
			);
			path = Data;
			sourceTree = "<group>";
		};
		2B065B0B1E683D7600D9CB59 /* FMDB */ = {
			isa = PBXGroup;
			children = (
				2B065B0C1E683D7600D9CB59 /* YSFDatabase.h */,
				2B065B0D1E683D7600D9CB59 /* YSFDatabaseAdditions.h */,
				2B065B0E1E683D7600D9CB59 /* YSFDatabaseQueue.h */,
				2B065B0F1E683D7600D9CB59 /* YSFDB.h */,
				2B065B101E683D7600D9CB59 /* YSFResultSet.h */,
			);
			path = FMDB;
			sourceTree = "<group>";
		};
		2B065B111E683D7600D9CB59 /* YSFKeyValueStore */ = {
			isa = PBXGroup;
			children = (
				2B065B121E683D7600D9CB59 /* YSFKeyValueStore.h */,
			);
			path = YSFKeyValueStore;
			sourceTree = "<group>";
		};
		2B065B131E683D7600D9CB59 /* Foundation */ = {
			isa = PBXGroup;
			children = (
				2B065B141E683D7600D9CB59 /* YSFCategory */,
				2B065B211E683D7600D9CB59 /* YSFUtil */,
			);
			path = Foundation;
			sourceTree = "<group>";
		};
		2B065B141E683D7600D9CB59 /* YSFCategory */ = {
			isa = PBXGroup;
			children = (
				2B065B151E683D7600D9CB59 /* NSData+YSF.h */,
				2B065B161E683D7600D9CB59 /* NSDictionary+YSF.h */,
				2B065B171E683D7600D9CB59 /* NSDictionary+YSFJson.h */,
				2B065B181E683D7600D9CB59 /* NSString+WebView.h */,
				2B065B191E683D7600D9CB59 /* NSString+YSF.h */,
				2B065B1A1E683D7600D9CB59 /* NSURL+WebView.h */,
				2B065B1B1E683D7600D9CB59 /* UIAlertView+YSF.h */,
				2B065B1C1E683D7600D9CB59 /* UIButton+YSF.h */,
				2B065B1D1E683D7600D9CB59 /* UIImage+YSF.h */,
				2B065B1E1E683D7600D9CB59 /* UITableView+YSFKit.h */,
				2B065B1F1E683D7600D9CB59 /* UIView+Animation.h */,
				2B065B201E683D7600D9CB59 /* UIView+YSF.h */,
			);
			path = YSFCategory;
			sourceTree = "<group>";
		};
		2B065B211E683D7600D9CB59 /* YSFUtil */ = {
			isa = PBXGroup;
			children = (
				2B065B221E683D7600D9CB59 /* YSFMacro.h */,
				2B065B231E683D7600D9CB59 /* YSFTimer.h */,
			);
			path = YSFUtil;
			sourceTree = "<group>";
		};
		2B065B241E683D7600D9CB59 /* Network */ = {
			isa = PBXGroup;
			children = (
				2B065B251E683D7600D9CB59 /* Reachability */,
				2B065B271E683D7600D9CB59 /* SDWebImage */,
				2B065B351E683D7600D9CB59 /* YSFHttpApi */,
			);
			path = Network;
			sourceTree = "<group>";
		};
		2B065B251E683D7600D9CB59 /* Reachability */ = {
			isa = PBXGroup;
			children = (
				2B065B261E683D7600D9CB59 /* YSFReachability.h */,
			);
			path = Reachability;
			sourceTree = "<group>";
		};
		2B065B271E683D7600D9CB59 /* SDWebImage */ = {
			isa = PBXGroup;
			children = (
				2B065B281E683D7600D9CB59 /* NSData+YSFImageContentType.h */,
				2B065B291E683D7600D9CB59 /* UIImage+YSFGIF.h */,
				2B065B2A1E683D7600D9CB59 /* UIImage+YSFMultiFormat.h */,
				2B065B2B1E683D7600D9CB59 /* UIImageView+YSFWebCache.h */,
				2B065B2C1E683D7600D9CB59 /* UIView+YSFWebCacheOperation.h */,
				2B065B2D1E683D7600D9CB59 /* YSFImageCache.h */,
				2B065B2E1E683D7600D9CB59 /* YSFWebImageCompat.h */,
				2B065B2F1E683D7600D9CB59 /* YSFWebImageDecoder.h */,
				2B065B301E683D7600D9CB59 /* YSFWebImageDownloader.h */,
				2B065B311E683D7600D9CB59 /* YSFWebImageDownloaderOperation.h */,
				2B065B321E683D7600D9CB59 /* YSFWebImageManager.h */,
				2B065B331E683D7600D9CB59 /* YSFWebImageOperation.h */,
				2B065B341E683D7600D9CB59 /* YSFWebImagePrefetcher.h */,
			);
			path = SDWebImage;
			sourceTree = "<group>";
		};
		2B065B351E683D7600D9CB59 /* YSFHttpApi */ = {
			isa = PBXGroup;
			children = (
				2B065B361E683D7600D9CB59 /* YSFHttpApi.h */,
			);
			path = YSFHttpApi;
			sourceTree = "<group>";
		};
		2B065B371E683D7600D9CB59 /* UI */ = {
			isa = PBXGroup;
			children = (
				2B065B381E683D7600D9CB59 /* M80AttributedLabel */,
				2B065B431E683D7600D9CB59 /* PSTAlertController */,
				2B065B451E683D7600D9CB59 /* Toast */,
				2B065B471E683D7600D9CB59 /* UIComponent */,
				2B065B7A1E683D7600D9CB59 /* UILayoutKit */,
				2B065B8F1E683D7600D9CB59 /* YYKeyboardManager */,
			);
			path = UI;
			sourceTree = "<group>";
		};
		2B065B381E683D7600D9CB59 /* M80AttributedLabel */ = {
			isa = PBXGroup;
			children = (
				2B065B391E683D7600D9CB59 /* LinkRegex.h */,
				2B065B3A1E683D7600D9CB59 /* NSAttributedString+YSFHTML.h */,
				2B065B3B1E683D7600D9CB59 /* NSMutableAttributedString+YSFVendor.h */,
				2B065B3C1E683D7600D9CB59 /* YSFAttributedLabel.h */,
				2B065B3D1E683D7600D9CB59 /* YSFAttributedLabelAttachment.h */,
				2B065B3E1E683D7600D9CB59 /* YSFAttributedLabelDefines.h */,
				2B065B3F1E683D7600D9CB59 /* YSFAttributedLabelURL.h */,
				2B065B401E683D7600D9CB59 /* YSFHTML2AttributedStringTranslator.h */,
				2B065B411E683D7600D9CB59 /* YSFHTMLParser.h */,
				2B065B421E683D7600D9CB59 /* YSFHTMLPreprocessor.h */,
			);
			path = M80AttributedLabel;
			sourceTree = "<group>";
		};
		2B065B431E683D7600D9CB59 /* PSTAlertController */ = {
			isa = PBXGroup;
			children = (
				2B065B441E683D7600D9CB59 /* YSFAlertController.h */,
			);
			path = PSTAlertController;
			sourceTree = "<group>";
		};
		2B065B451E683D7600D9CB59 /* Toast */ = {
			isa = PBXGroup;
			children = (
				2B065B461E683D7600D9CB59 /* UIView+YSFToast.h */,
			);
			path = Toast;
			sourceTree = "<group>";
		};
		2B065B471E683D7600D9CB59 /* UIComponent */ = {
			isa = PBXGroup;
			children = (
				2B065B481E683D7600D9CB59 /* CommonTable */,
				2B065B4C1E683D7600D9CB59 /* FullScreenImagePreview */,
				2B065B531E683D7600D9CB59 /* YSFImagePicker */,
				2B065B751E683D7600D9CB59 /* YSFWebViewController */,
			);
			path = UIComponent;
			sourceTree = "<group>";
		};
		2B065B481E683D7600D9CB59 /* CommonTable */ = {
			isa = PBXGroup;
			children = (
				2BAAAD562079EC6D0008B4F8 /* YSFCommonTableData.h */,
				2BAAAD542079EC6D0008B4F8 /* YSFCommonTableData.m */,
				2BAAAD552079EC6D0008B4F8 /* YSFCommonTableDelegate.h */,
				2BAAAD572079EC6D0008B4F8 /* YSFCommonTableDelegate.m */,
				2BAAAD532079EC6D0008B4F8 /* YSFCommonTableViewCell.h */,
			);
			path = CommonTable;
			sourceTree = "<group>";
		};
		2B065B4C1E683D7600D9CB59 /* FullScreenImagePreview */ = {
			isa = PBXGroup;
			children = (
				2B065B4D1E683D7600D9CB59 /* YSFGalleryViewController.h */,
				2B065B4E1E683D7600D9CB59 /* YSFPageView.h */,
				2B065B4F1E683D7600D9CB59 /* YSFPresentation */,
				2B065B521E683D7600D9CB59 /* YSFPresentViewController.h */,
			);
			path = FullScreenImagePreview;
			sourceTree = "<group>";
		};
		2B065B4F1E683D7600D9CB59 /* YSFPresentation */ = {
			isa = PBXGroup;
			children = (
				2B065B501E683D7600D9CB59 /* YSFPresentationController.h */,
				2B065B511E683D7600D9CB59 /* YSFPresentTransitioningDelegate.h */,
			);
			path = YSFPresentation;
			sourceTree = "<group>";
		};
		2B065B531E683D7600D9CB59 /* YSFImagePicker */ = {
			isa = PBXGroup;
			children = (
				2B065B541E683D7600D9CB59 /* ALImagePicker */,
				2B065B591E683D7600D9CB59 /* Categories */,
				2B065B5E1E683D7600D9CB59 /* Cells */,
				2B065B611E683D7600D9CB59 /* CustomUI */,
				2B065B651E683D7600D9CB59 /* Helper */,
				2B065B6A1E683D7600D9CB59 /* Manager */,
				2B065B711E683D7600D9CB59 /* PHImagePicker */,
			);
			path = YSFImagePicker;
			sourceTree = "<group>";
		};
		2B065B541E683D7600D9CB59 /* ALImagePicker */ = {
			isa = PBXGroup;
			children = (
				2B065B551E683D7600D9CB59 /* YSFALGridViewController.h */,
				2B065B561E683D7600D9CB59 /* YSFALImageViewController.h */,
				2B065B571E683D7600D9CB59 /* YSFALListViewController.h */,
				2B065B581E683D7600D9CB59 /* YSFALVideoViewController.h */,
			);
			path = ALImagePicker;
			sourceTree = "<group>";
		};
		2B065B591E683D7600D9CB59 /* Categories */ = {
			isa = PBXGroup;
			children = (
				2B065B5A1E683D7600D9CB59 /* UIButton+Custom.h */,
				2B065B5B1E683D7600D9CB59 /* UIImage+Upload.h */,
				2B065B5C1E683D7600D9CB59 /* UIImagePickerController+Block.h */,
				2B065B5D1E683D7600D9CB59 /* UIImagePickerController+DoModal.h */,
			);
			path = Categories;
			sourceTree = "<group>";
		};
		2B065B5E1E683D7600D9CB59 /* Cells */ = {
			isa = PBXGroup;
			children = (
				2B065B5F1E683D7600D9CB59 /* YSFIPGridCollectionViewCell.h */,
				2B065B601E683D7600D9CB59 /* YSFIPListTableViewCell.h */,
			);
			path = Cells;
			sourceTree = "<group>";
		};
		2B065B611E683D7600D9CB59 /* CustomUI */ = {
			isa = PBXGroup;
			children = (
				2B065B621E683D7600D9CB59 /* YSFIPPageView.h */,
				2B065B631E683D7600D9CB59 /* YSFiToast.h */,
				2B065B641E683D7600D9CB59 /* YSFLargeImageView.h */,
			);
			path = CustomUI;
			sourceTree = "<group>";
		};
		2B065B651E683D7600D9CB59 /* Helper */ = {
			isa = PBXGroup;
			children = (
				2B065B661E683D7600D9CB59 /* YSFALAssetHelper.h */,
				2B065B671E683D7600D9CB59 /* YSFALAssetsLibraryAccessor.h */,
				2B065B681E683D7600D9CB59 /* YSFAVAssetExportHelper.h */,
				2B065B691E683D7600D9CB59 /* YSFImagePickerHelper.h */,
			);
			path = Helper;
			sourceTree = "<group>";
		};
		2B065B6A1E683D7600D9CB59 /* Manager */ = {
			isa = PBXGroup;
			children = (
				2B065B6B1E683D7600D9CB59 /* YSFAssetManager.h */,
				2B065B6C1E683D7600D9CB59 /* YSFImagePickerConfig.h */,
				2B065B6D1E683D7600D9CB59 /* YSFImagePickerManager.h */,
				2B065B6E1E683D7600D9CB59 /* YSFIPAsset.h */,
				2B065B6F1E683D7600D9CB59 /* YSFPHAssetManager.h */,
				2B065B701E683D7600D9CB59 /* YSFPostImageManager.h */,
			);
			path = Manager;
			sourceTree = "<group>";
		};
		2B065B711E683D7600D9CB59 /* PHImagePicker */ = {
			isa = PBXGroup;
			children = (
				2B065B721E683D7600D9CB59 /* YSFPHGridViewController.h */,
				2B065B731E683D7600D9CB59 /* YSFPHImageViewController.h */,
				2B065B741E683D7600D9CB59 /* YSFPHListViewController.h */,
			);
			path = PHImagePicker;
			sourceTree = "<group>";
		};
		2B065B751E683D7600D9CB59 /* YSFWebViewController */ = {
			isa = PBXGroup;
			children = (
				2B065B761E683D7600D9CB59 /* NJKWebViewProgress */,
				2B065B791E683D7600D9CB59 /* YSFWebViewController.h */,
			);
			path = YSFWebViewController;
			sourceTree = "<group>";
		};
		2B065B761E683D7600D9CB59 /* NJKWebViewProgress */ = {
			isa = PBXGroup;
			children = (
				2B065B771E683D7600D9CB59 /* NJKWebViewProgress.h */,
				2B065B781E683D7600D9CB59 /* NJKWebViewProgressView.h */,
			);
			path = NJKWebViewProgress;
			sourceTree = "<group>";
		};
		2B065B7A1E683D7600D9CB59 /* UILayoutKit */ = {
			isa = PBXGroup;
			children = (
				2B065B7B1E683D7600D9CB59 /* Core */,
				2B065B7F1E683D7600D9CB59 /* FrameLayout */,
				2B065B811E683D7600D9CB59 /* LinearLayout */,
				2B065B831E683D7600D9CB59 /* UIKitExtension */,
				2B065B8E1E683D7600D9CB59 /* UILayoutKit.h */,
			);
			path = UILayoutKit;
			sourceTree = "<group>";
		};
		2B065B7B1E683D7600D9CB59 /* Core */ = {
			isa = PBXGroup;
			children = (
				2B065B7C1E683D7600D9CB59 /* UIView+ULK_Layout.h */,
				2B065B7D1E683D7600D9CB59 /* ULKDefine.h */,
				2B065B7E1E683D7600D9CB59 /* ULKViewGroup.h */,
			);
			path = Core;
			sourceTree = "<group>";
		};
		2B065B7F1E683D7600D9CB59 /* FrameLayout */ = {
			isa = PBXGroup;
			children = (
				2B065B801E683D7600D9CB59 /* ULKFrameLayout.h */,
			);
			path = FrameLayout;
			sourceTree = "<group>";
		};
		2B065B811E683D7600D9CB59 /* LinearLayout */ = {
			isa = PBXGroup;
			children = (
				2B065B821E683D7600D9CB59 /* ULKLinearLayout.h */,
			);
			path = LinearLayout;
			sourceTree = "<group>";
		};
		2B065B831E683D7600D9CB59 /* UIKitExtension */ = {
			isa = PBXGroup;
			children = (
				2B065B841E683D7600D9CB59 /* UIButton+ULK_View.h */,
				2B065B851E683D7600D9CB59 /* UIImageView+ULK_View.h */,
				2B065B861E683D7600D9CB59 /* UILabel+ULK_View.h */,
				2B065B871E683D7600D9CB59 /* UINavigationBar+ULK_View.h */,
				2B065B881E683D7600D9CB59 /* UISearchBar+ULK_View.h */,
				2B065B891E683D7600D9CB59 /* UISwitch+ULK_View.h */,
				2B065B8A1E683D7600D9CB59 /* UITextField+ULK_View.h */,
				2B065B8B1E683D7600D9CB59 /* UITextView+ULK_View.h */,
				2B065B8C1E683D7600D9CB59 /* UIToolbar+ULK_View.h */,
				2B065B8D1E683D7600D9CB59 /* ULKScrollView.h */,
			);
			path = UIKitExtension;
			sourceTree = "<group>";
		};
		2B065B8F1E683D7600D9CB59 /* YYKeyboardManager */ = {
			isa = PBXGroup;
			children = (
				2B065B901E683D7600D9CB59 /* YSFKeyboardManager.h */,
			);
			path = YYKeyboardManager;
			sourceTree = "<group>";
		};
		2B065B911E683D7600D9CB59 /* Vendors */ = {
			isa = PBXGroup;
			children = (
				2B065B941E683D7600D9CB59 /* FMDB */,
				2B065B9A1E683D7600D9CB59 /* Reachability */,
				2B065B9C1E683D7600D9CB59 /* RealTimeNIO */,
			);
			path = Vendors;
			sourceTree = "<group>";
		};
		2B065B941E683D7600D9CB59 /* FMDB */ = {
			isa = PBXGroup;
			children = (
				2B065B951E683D7600D9CB59 /* NIMDatabase.h */,
				2B065B961E683D7600D9CB59 /* NIMDatabaseAdditions.h */,
				2B065B971E683D7600D9CB59 /* NIMDatabaseQueue.h */,
				2B065B981E683D7600D9CB59 /* NIMDB.h */,
				2B065B991E683D7600D9CB59 /* NIMResultSet.h */,
			);
			path = FMDB;
			sourceTree = "<group>";
		};
		2B065B9A1E683D7600D9CB59 /* Reachability */ = {
			isa = PBXGroup;
			children = (
				2B065B9B1E683D7600D9CB59 /* NIMReachability.h */,
			);
			path = Reachability;
			sourceTree = "<group>";
		};
		2B065B9C1E683D7600D9CB59 /* RealTimeNIO */ = {
			isa = PBXGroup;
			children = (
				2B065B9D1E683D7600D9CB59 /* include */,
				2B065B9F1E683D7600D9CB59 /* thirdparty */,
			);
			path = RealTimeNIO;
			sourceTree = "<group>";
		};
		2B065B9D1E683D7600D9CB59 /* include */ = {
			isa = PBXGroup;
			children = (
				2B065B9E1E683D7600D9CB59 /* NVSI420Frame.h */,
			);
			path = include;
			sourceTree = "<group>";
		};
		2B065B9F1E683D7600D9CB59 /* thirdparty */ = {
			isa = PBXGroup;
			children = (
				2B065BA01E683D7600D9CB59 /* include */,
			);
			path = thirdparty;
			sourceTree = "<group>";
		};
		2B065BA01E683D7600D9CB59 /* include */ = {
			isa = PBXGroup;
			children = (
				2B065BA11E683D7600D9CB59 /* g711_interface.h */,
				2B065BA21E683D7600D9CB59 /* libyuv */,
				2B065BB41E683D7600D9CB59 /* libyuv.h */,
				2B065BB51E683D7600D9CB59 /* openh264 */,
				2B065BBB1E683D7600D9CB59 /* opus */,
				2B065BC01E683D7600D9CB59 /* webrtc */,
			);
			path = include;
			sourceTree = "<group>";
		};
		2B065BA21E683D7600D9CB59 /* libyuv */ = {
			isa = PBXGroup;
			children = (
				2B065BA31E683D7600D9CB59 /* basic_types.h */,
				2B065BA41E683D7600D9CB59 /* compare.h */,
				2B065BA51E683D7600D9CB59 /* convert.h */,
				2B065BA61E683D7600D9CB59 /* convert_argb.h */,
				2B065BA71E683D7600D9CB59 /* convert_from.h */,
				2B065BA81E683D7600D9CB59 /* convert_from_argb.h */,
				2B065BA91E683D7600D9CB59 /* cpu_id.h */,
				2B065BAA1E683D7600D9CB59 /* format_conversion.h */,
				2B065BAB1E683D7600D9CB59 /* mjpeg_decoder.h */,
				2B065BAC1E683D7600D9CB59 /* planar_functions.h */,
				2B065BAD1E683D7600D9CB59 /* rotate.h */,
				2B065BAE1E683D7600D9CB59 /* rotate_argb.h */,
				2B065BAF1E683D7600D9CB59 /* row.h */,
				2B065BB01E683D7600D9CB59 /* scale.h */,
				2B065BB11E683D7600D9CB59 /* scale_argb.h */,
				2B065BB21E683D7600D9CB59 /* scale_row.h */,
				2B065BB31E683D7600D9CB59 /* version.h */,
			);
			path = libyuv;
			sourceTree = "<group>";
		};
		2B065BB51E683D7600D9CB59 /* openh264 */ = {
			isa = PBXGroup;
			children = (
				2B065BB61E683D7600D9CB59 /* codec_api.h */,
				2B065BB71E683D7600D9CB59 /* codec_app_def.h */,
				2B065BB81E683D7600D9CB59 /* codec_def.h */,
				2B065BB91E683D7600D9CB59 /* codec_ver.h */,
				2B065BBA1E683D7600D9CB59 /* typedefs.h */,
			);
			path = openh264;
			sourceTree = "<group>";
		};
		2B065BBB1E683D7600D9CB59 /* opus */ = {
			isa = PBXGroup;
			children = (
				2B065BBC1E683D7600D9CB59 /* opus_custom.h */,
				2B065BBD1E683D7600D9CB59 /* opus_defines.h */,
				2B065BBE1E683D7600D9CB59 /* opus_multistream.h */,
				2B065BBF1E683D7600D9CB59 /* opus_types.h */,
			);
			path = opus;
			sourceTree = "<group>";
		};
		2B065BC01E683D7600D9CB59 /* webrtc */ = {
			isa = PBXGroup;
			children = (
				2B065BC11E683D7600D9CB59 /* noise_suppression_x.h */,
			);
			path = webrtc;
			sourceTree = "<group>";
		};
		C8B56D12702B1E3BD097043B /* Frameworks */ = {
			isa = PBXGroup;
			children = (
				0BB1707CDF1C700141D16272 /* libPods-YSFDemo.a */,
			);
			name = Frameworks;
			sourceTree = "<group>";
		};
		D1144DF30DBD71DFE6A282A9 /* Pods */ = {
			isa = PBXGroup;
			children = (
				BD9556B2FAF23A8783095EC7 /* Pods-YSFDemo.debug.xcconfig */,
				28116B8E6C04851BF30AC389 /* Pods-YSFDemo.release.xcconfig */,
			);
			name = Pods;
			sourceTree = "<group>";
		};
		E48972F61B8C016E001C96EC = {
			isa = PBXGroup;
			children = (
				E48973011B8C016E001C96EC /* YSFDemo */,
				E48973001B8C016E001C96EC /* Products */,
				D1144DF30DBD71DFE6A282A9 /* Pods */,
				C8B56D12702B1E3BD097043B /* Frameworks */,
			);
			sourceTree = "<group>";
		};
		E48973001B8C016E001C96EC /* Products */ = {
			isa = PBXGroup;
			children = (
				E48972FF1B8C016E001C96EC /* YSFDemo.app */,
			);
			name = Products;
			sourceTree = "<group>";
		};
		E48973011B8C016E001C96EC /* YSFDemo */ = {
			isa = PBXGroup;
			children = (
				2B065B091E683D7600D9CB59 /* YSFVendor */,
				2B0658F81E683B9900D9CB59 /* Classes */,
				E48973061B8C016E001C96EC /* AppDelegate.h */,
				E48973071B8C016E001C96EC /* AppDelegate.m */,
				2B035C601CE07ADC00A66338 /* YSFDemoPrefix.pch */,
				E489730F1B8C016E001C96EC /* Images.xcassets */,
				E48973021B8C016E001C96EC /* Supporting Files */,
			);
			path = YSFDemo;
			sourceTree = "<group>";
		};
		E48973021B8C016E001C96EC /* Supporting Files */ = {
			isa = PBXGroup;
			children = (
				E48973031B8C016E001C96EC /* Info.plist */,
				E48973041B8C016E001C96EC /* main.m */,
				E43BA2081BA27C9E0046F016 /* ysf_debug.xcconfig */,
				E4F0F06A1BB12B9300577B26 /* ysf_release.xcconfig */,
			);
			name = "Supporting Files";
			sourceTree = "<group>";
		};
/* End PBXGroup section */

/* Begin PBXNativeTarget section */
		E48972FE1B8C016E001C96EC /* YSFDemo */ = {
			isa = PBXNativeTarget;
			buildConfigurationList = E48973221B8C016E001C96EC /* Build configuration list for PBXNativeTarget "YSFDemo" */;
			buildPhases = (
				4BE39FE8ADD7BFE118CF27F6 /* [CP] Check Pods Manifest.lock */,
				E48972FB1B8C016E001C96EC /* Sources */,
				E48972FC1B8C016E001C96EC /* Frameworks */,
				E48972FD1B8C016E001C96EC /* Resources */,
				E4EF22AE1B9FD3C20043AA69 /* ShellScript */,
				9E9D8B45CDDE3F022FEFB262 /* [CP] Copy Pods Resources */,
			);
			buildRules = (
			);
			dependencies = (
			);
			name = YSFDemo;
			productName = YSFDemo;
			productReference = E48972FF1B8C016E001C96EC /* YSFDemo.app */;
			productType = "com.apple.product-type.application";
		};
/* End PBXNativeTarget section */

/* Begin PBXProject section */
		E48972F71B8C016E001C96EC /* Project object */ = {
			isa = PBXProject;
			attributes = {
				LastUpgradeCheck = 0700;
				ORGANIZATIONNAME = Netease;
				TargetAttributes = {
					E48972FE1B8C016E001C96EC = {
						CreatedOnToolsVersion = 6.4;
						DevelopmentTeam = 569GNZ5392;
					};
				};
			};
			buildConfigurationList = E48972FA1B8C016E001C96EC /* Build configuration list for PBXProject "YSFDemo" */;
			compatibilityVersion = "Xcode 3.2";
			developmentRegion = English;
			hasScannedForEncodings = 0;
			knownRegions = (
				English,
				en,
				Base,
			);
			mainGroup = E48972F61B8C016E001C96EC;
			productRefGroup = E48973001B8C016E001C96EC /* Products */;
			projectDirPath = "";
			projectRoot = "";
			targets = (
				E48972FE1B8C016E001C96EC /* YSFDemo */,
			);
		};
/* End PBXProject section */

/* Begin PBXResourcesBuildPhase section */
		E48972FD1B8C016E001C96EC /* Resources */ = {
			isa = PBXResourcesBuildPhase;
			buildActionMask = 2147483647;
			files = (
				E48973101B8C016E001C96EC /* Images.xcassets in Resources */,
				2B06593A1E683B9900D9CB59 /* QYDetailViewController.xib in Resources */,
				2B0659411E683B9900D9CB59 /* QYAddAppKeyViewController.xib in Resources */,
				2B06593D1E683B9900D9CB59 /* QYMainViewController.xib in Resources */,
				2B06594C1E683B9900D9CB59 /* QYShopInfoViewController.xib in Resources */,
				2B0659441E683B9900D9CB59 /* QYCommodityInfoViewController.xib in Resources */,
				2B0659481E683B9900D9CB59 /* QYReportUserInfoViewController.xib in Resources */,
				2B0659461E683B9900D9CB59 /* QYLogViewController.xib in Resources */,
				2B06594E1E683B9900D9CB59 /* QYTestModeViewController.xib in Resources */,
			);
			runOnlyForDeploymentPostprocessing = 0;
		};
/* End PBXResourcesBuildPhase section */

/* Begin PBXShellScriptBuildPhase section */
		4BE39FE8ADD7BFE118CF27F6 /* [CP] Check Pods Manifest.lock */ = {
			isa = PBXShellScriptBuildPhase;
			buildActionMask = 2147483647;
			files = (
			);
			inputPaths = (
				"${PODS_PODFILE_DIR_PATH}/Podfile.lock",
				"${PODS_ROOT}/Manifest.lock",
			);
			name = "[CP] Check Pods Manifest.lock";
			outputPaths = (
				"$(DERIVED_FILE_DIR)/Pods-YSFDemo-checkManifestLockResult.txt",
			);
			runOnlyForDeploymentPostprocessing = 0;
			shellPath = /bin/sh;
			shellScript = "diff \"${PODS_PODFILE_DIR_PATH}/Podfile.lock\" \"${PODS_ROOT}/Manifest.lock\" > /dev/null\nif [ $? != 0 ] ; then\n    # print error to STDERR\n    echo \"error: The sandbox is not in sync with the Podfile.lock. Run 'pod install' or update your CocoaPods installation.\" >&2\n    exit 1\nfi\n# This output is used by Xcode 'outputs' to avoid re-running this script phase.\necho \"SUCCESS\" > \"${SCRIPT_OUTPUT_FILE_0}\"\n";
			showEnvVarsInLog = 0;
		};
		9E9D8B45CDDE3F022FEFB262 /* [CP] Copy Pods Resources */ = {
			isa = PBXShellScriptBuildPhase;
			buildActionMask = 2147483647;
			files = (
			);
			inputPaths = (
				"${PODS_ROOT}/Target Support Files/Pods-YSFDemo/Pods-YSFDemo-resources.sh",
				"${PODS_ROOT}/QIYU_iOS_SDK/SDK/QYResource.bundle",
			);
			name = "[CP] Copy Pods Resources";
			outputPaths = (
				"${TARGET_BUILD_DIR}/${UNLOCALIZED_RESOURCES_FOLDER_PATH}/QYResource.bundle",
			);
			runOnlyForDeploymentPostprocessing = 0;
			shellPath = /bin/sh;
			shellScript = "\"${PODS_ROOT}/Target Support Files/Pods-YSFDemo/Pods-YSFDemo-resources.sh\"\n";
			showEnvVarsInLog = 0;
		};
		E4EF22AE1B9FD3C20043AA69 /* ShellScript */ = {
			isa = PBXShellScriptBuildPhase;
			buildActionMask = 2147483647;
			files = (
			);
			inputPaths = (
			);
			outputPaths = (
			);
			runOnlyForDeploymentPostprocessing = 0;
			shellPath = /bin/sh;
			shellScript = "BUILD_NUMBER=`git rev-parse --short HEAD`\n/usr/libexec/PlistBuddy -c \"Set :YSFGITHASH $BUILD_NUMBER\" \"${TARGET_BUILD_DIR}\"/\"${INFOPLIST_PATH}\"";
		};
/* End PBXShellScriptBuildPhase section */

/* Begin PBXSourcesBuildPhase section */
		E48972FB1B8C016E001C96EC /* Sources */ = {
			isa = PBXSourcesBuildPhase;
			buildActionMask = 2147483647;
			files = (
				2B06594B1E683B9900D9CB59 /* QYShopInfoViewController.m in Sources */,
				2B0659401E683B9900D9CB59 /* QYAddAppKeyViewController.m in Sources */,
				E48973081B8C016E001C96EC /* AppDelegate.m in Sources */,
				2B0659431E683B9900D9CB59 /* QYCommodityInfoViewController.m in Sources */,
				2B06593C1E683B9900D9CB59 /* QYMainViewController.m in Sources */,
				2B06593F1E683B9900D9CB59 /* QYSessionListCell.m in Sources */,
				2B0659361E683B9900D9CB59 /* QYDemoConfig.m in Sources */,
				2B06594F1E683B9900D9CB59 /* QYUserTableViewController.m in Sources */,
				2B06594D1E683B9900D9CB59 /* QYTestModeViewController.m in Sources */,
				2BAAAD592079EC6D0008B4F8 /* YSFCommonTableDelegate.m in Sources */,
				2B0659381E683B9900D9CB59 /* YXCapture.m in Sources */,
				2B06593E1E683B9900D9CB59 /* QYBadgeView.m in Sources */,
				2B0659421E683B9900D9CB59 /* QYBindAppkeyViewController.m in Sources */,
				2B0659371E683B9900D9CB59 /* QRcodeScanController.mm in Sources */,
				2B06594A1E683B9900D9CB59 /* QYSettingViewController.m in Sources */,
				2B0659491E683B9900D9CB59 /* QYSessionListViewController.m in Sources */,
				2B0659471E683B9900D9CB59 /* QYReportUserInfoViewController.m in Sources */,
				E48973051B8C016E001C96EC /* main.m in Sources */,
				2B0659501E683B9900D9CB59 /* QYAvatarImageView.m in Sources */,
				2B0659511E683B9900D9CB59 /* QYDemoBadgeView.m in Sources */,
				2BAAAD582079EC6D0008B4F8 /* YSFCommonTableData.m in Sources */,
				2B0659391E683B9900D9CB59 /* QYDetailViewController.m in Sources */,
				2B0659451E683B9900D9CB59 /* QYLogViewController.m in Sources */,
				2B06593B1E683B9900D9CB59 /* QYHomePageViewController.m in Sources */,
			);
			runOnlyForDeploymentPostprocessing = 0;
		};
/* End PBXSourcesBuildPhase section */

/* Begin XCBuildConfiguration section */
		E48973201B8C016E001C96EC /* Debug */ = {
			isa = XCBuildConfiguration;
			baseConfigurationReference = E43BA2081BA27C9E0046F016 /* ysf_debug.xcconfig */;
			buildSettings = {
				ALWAYS_SEARCH_USER_PATHS = NO;
				CLANG_CXX_LANGUAGE_STANDARD = "gnu++0x";
				CLANG_CXX_LIBRARY = "libc++";
				CLANG_ENABLE_MODULES = YES;
				CLANG_ENABLE_OBJC_ARC = YES;
				CLANG_WARN_BOOL_CONVERSION = YES;
				CLANG_WARN_CONSTANT_CONVERSION = YES;
				CLANG_WARN_DIRECT_OBJC_ISA_USAGE = YES_ERROR;
				CLANG_WARN_EMPTY_BODY = YES;
				CLANG_WARN_ENUM_CONVERSION = YES;
				CLANG_WARN_INT_CONVERSION = YES;
				CLANG_WARN_OBJC_ROOT_CLASS = YES_ERROR;
				CLANG_WARN_UNREACHABLE_CODE = YES;
				CLANG_WARN__DUPLICATE_METHOD_MATCH = YES;
				"CODE_SIGN_IDENTITY[sdk=iphoneos*]" = "iPhone Developer";
				COPY_PHASE_STRIP = NO;
				DEBUG_INFORMATION_FORMAT = "dwarf-with-dsym";
				ENABLE_STRICT_OBJC_MSGSEND = YES;
				ENABLE_TESTABILITY = YES;
				GCC_C_LANGUAGE_STANDARD = gnu99;
				GCC_DYNAMIC_NO_PIC = NO;
				GCC_NO_COMMON_BLOCKS = YES;
				GCC_OPTIMIZATION_LEVEL = 0;
				GCC_PREPROCESSOR_DEFINITIONS = (
					"DEBUG=1",
					"$(inherited)",
				);
				GCC_SYMBOLS_PRIVATE_EXTERN = NO;
				GCC_WARN_64_TO_32_BIT_CONVERSION = YES;
				GCC_WARN_ABOUT_RETURN_TYPE = YES_ERROR;
				GCC_WARN_UNDECLARED_SELECTOR = YES;
				GCC_WARN_UNINITIALIZED_AUTOS = YES_AGGRESSIVE;
				GCC_WARN_UNUSED_FUNCTION = YES;
				GCC_WARN_UNUSED_VARIABLE = YES;
				IPHONEOS_DEPLOYMENT_TARGET = 7.0;
				MTL_ENABLE_DEBUG_INFO = YES;
				ONLY_ACTIVE_ARCH = YES;
				SDKROOT = iphoneos;
			};
			name = Debug;
		};
		E48973211B8C016E001C96EC /* Release */ = {
			isa = XCBuildConfiguration;
			baseConfigurationReference = E4F0F06A1BB12B9300577B26 /* ysf_release.xcconfig */;
			buildSettings = {
				ALWAYS_SEARCH_USER_PATHS = NO;
				CLANG_CXX_LANGUAGE_STANDARD = "gnu++0x";
				CLANG_CXX_LIBRARY = "libc++";
				CLANG_ENABLE_MODULES = YES;
				CLANG_ENABLE_OBJC_ARC = YES;
				CLANG_WARN_BOOL_CONVERSION = YES;
				CLANG_WARN_CONSTANT_CONVERSION = YES;
				CLANG_WARN_DIRECT_OBJC_ISA_USAGE = YES_ERROR;
				CLANG_WARN_EMPTY_BODY = YES;
				CLANG_WARN_ENUM_CONVERSION = YES;
				CLANG_WARN_INT_CONVERSION = YES;
				CLANG_WARN_OBJC_ROOT_CLASS = YES_ERROR;
				CLANG_WARN_UNREACHABLE_CODE = YES;
				CLANG_WARN__DUPLICATE_METHOD_MATCH = YES;
				"CODE_SIGN_IDENTITY[sdk=iphoneos*]" = "iPhone Developer";
				COPY_PHASE_STRIP = NO;
				DEBUG_INFORMATION_FORMAT = "dwarf-with-dsym";
				ENABLE_NS_ASSERTIONS = NO;
				ENABLE_STRICT_OBJC_MSGSEND = YES;
				GCC_C_LANGUAGE_STANDARD = gnu99;
				GCC_NO_COMMON_BLOCKS = YES;
				GCC_WARN_64_TO_32_BIT_CONVERSION = YES;
				GCC_WARN_ABOUT_RETURN_TYPE = YES_ERROR;
				GCC_WARN_UNDECLARED_SELECTOR = YES;
				GCC_WARN_UNINITIALIZED_AUTOS = YES_AGGRESSIVE;
				GCC_WARN_UNUSED_FUNCTION = YES;
				GCC_WARN_UNUSED_VARIABLE = YES;
				IPHONEOS_DEPLOYMENT_TARGET = 7.0;
				MTL_ENABLE_DEBUG_INFO = NO;
				SDKROOT = iphoneos;
				VALIDATE_PRODUCT = YES;
			};
			name = Release;
		};
		E48973231B8C016E001C96EC /* Debug */ = {
			isa = XCBuildConfiguration;
			baseConfigurationReference = E43BA2081BA27C9E0046F016 /* ysf_debug.xcconfig */;
			buildSettings = {
				ASSETCATALOG_COMPILER_APPICON_NAME = AppIcon;
				ASSETCATALOG_COMPILER_LAUNCHIMAGE_NAME = LaunchImage;
				CLANG_CXX_LANGUAGE_STANDARD = "compiler-default";
				CLANG_CXX_LIBRARY = "compiler-default";
				CODE_SIGN_IDENTITY = "iPhone Developer";
				"CODE_SIGN_IDENTITY[sdk=iphoneos*]" = "iPhone Developer";
				DEVELOPMENT_TEAM = 569GNZ5392;
				ENABLE_BITCODE = YES;
				GCC_PREFIX_HEADER = YSFDemo/YSFDemoPrefix.pch;
				HEADER_SEARCH_PATHS = (
					"$(inherited)",
					/Applications/Xcode.app/Contents/Developer/Toolchains/OSX10.10.xctoolchain/usr/include,
					"$(SRCROOT)/../YSFSDK/YSFSDK/ExportHeaders/**",
					"$(SRCROOT)/../YSFVendor/YSFVendor/**",
				);
				INFOPLIST_FILE = YSFDemo/Info.plist;
				LD_RUNPATH_SEARCH_PATHS = "$(inherited) @executable_path/Frameworks";
				LIBRARY_SEARCH_PATHS = (
					"$(inherited)",
					"$(PROJECT_DIR)/YSFDemo/libs",
					"$(PROJECT_DIR)/SDK",
				);
				MARKETING_VERSION = 5.4.0;
				OTHER_LDFLAGS = (
					"$(inherited)",
					"-ObjC",
				);
				PRODUCT_BUNDLE_IDENTIFIER = com.netease.enterprise.ysf;
				PRODUCT_NAME = "$(TARGET_NAME)";
				PROVISIONING_PROFILE = "";
				TARGETED_DEVICE_FAMILY = "1,2";
			};
			name = Debug;
		};
		E48973241B8C016E001C96EC /* Release */ = {
			isa = XCBuildConfiguration;
			baseConfigurationReference = E4F0F06A1BB12B9300577B26 /* ysf_release.xcconfig */;
			buildSettings = {
				ASSETCATALOG_COMPILER_APPICON_NAME = AppIcon;
				ASSETCATALOG_COMPILER_LAUNCHIMAGE_NAME = LaunchImage;
				CLANG_CXX_LANGUAGE_STANDARD = "compiler-default";
				CLANG_CXX_LIBRARY = "compiler-default";
				CODE_SIGN_IDENTITY = "iPhone Developer";
				"CODE_SIGN_IDENTITY[sdk=iphoneos*]" = "iPhone Developer";
				DEVELOPMENT_TEAM = 569GNZ5392;
				ENABLE_BITCODE = YES;
				GCC_PREFIX_HEADER = YSFDemo/YSFDemoPrefix.pch;
				GCC_PREPROCESSOR_DEFINITIONS = (
					"$(inherited)",
					NDEBUG,
				);
				HEADER_SEARCH_PATHS = (
					"$(inherited)",
					/Applications/Xcode.app/Contents/Developer/Toolchains/OSX10.10.xctoolchain/usr/include,
					"$(SRCROOT)/../YSFSDK/YSFSDK/ExportHeaders/**",
					"$(SRCROOT)/../YSFVendor/YSFVendor/**",
				);
				INFOPLIST_FILE = YSFDemo/Info.plist;
				LD_RUNPATH_SEARCH_PATHS = "$(inherited) @executable_path/Frameworks";
				LIBRARY_SEARCH_PATHS = (
					"$(inherited)",
					"$(PROJECT_DIR)/YSFDemo/libs",
					"$(PROJECT_DIR)/SDK",
				);
				MARKETING_VERSION = 5.4.0;
				OTHER_LDFLAGS = (
					"$(inherited)",
					"-ObjC",
				);
				PRODUCT_BUNDLE_IDENTIFIER = com.netease.enterprise.ysf;
				PRODUCT_NAME = "$(TARGET_NAME)";
				PROVISIONING_PROFILE = "";
				TARGETED_DEVICE_FAMILY = "1,2";
			};
			name = Release;
		};
/* End XCBuildConfiguration section */

/* Begin XCConfigurationList section */
		E48972FA1B8C016E001C96EC /* Build configuration list for PBXProject "YSFDemo" */ = {
			isa = XCConfigurationList;
			buildConfigurations = (
				E48973201B8C016E001C96EC /* Debug */,
				E48973211B8C016E001C96EC /* Release */,
			);
			defaultConfigurationIsVisible = 0;
			defaultConfigurationName = Release;
		};
		E48973221B8C016E001C96EC /* Build configuration list for PBXNativeTarget "YSFDemo" */ = {
			isa = XCConfigurationList;
			buildConfigurations = (
				E48973231B8C016E001C96EC /* Debug */,
				E48973241B8C016E001C96EC /* Release */,
			);
			defaultConfigurationIsVisible = 0;
			defaultConfigurationName = Release;
		};
/* End XCConfigurationList section */
	};
	rootObject = E48972F71B8C016E001C96EC /* Project object */;
}
